{
  "version": 4,
  "terraform_version": "1.14.5",
  "serial": 117,
  "lineage": "58842a31-e83a-3b33-bfa4-3a35624fcbdd",
  "outputs": {
    "access_urls": {
      "value": {
        "api_docs": "http://20.239.48.46/docs",
        "joke_ui": "http://20.239.48.46/joke-ui",
        "moderate_ui": "http://20.239.48.46/moderate-ui",
        "rabbitmq": "http://20.239.48.46/rmq",
        "submit_ui": "http://20.239.48.46/submit-ui"
      },
      "type": [
        "object",
        {
          "api_docs": "string",
          "joke_ui": "string",
          "moderate_ui": "string",
          "rabbitmq": "string",
          "submit_ui": "string"
        }
      ]
    },
    "kong_public_ip": {
      "value": "20.239.48.46",
      "type": "string"
    },
    "private_ips": {
      "value": {
        "joke": "10.0.1.20",
        "kong": "10.0.1.10",
        "moderate": "10.1.1.40",
        "rabbitmq": "10.0.1.50",
        "submit": "10.1.1.30"
      },
      "type": [
        "object",
        {
          "joke": "string",
          "kong": "string",
          "moderate": "string",
          "rabbitmq": "string",
          "submit": "string"
        }
      ]
    },
    "region_distribution": {
      "value": {
        "eastasia": {
          "region": "eastasia",
          "vms": [
            "kong-vm",
            "joke-vm",
            "rabbitmq-vm"
          ]
        },
        "indonesia": {
          "region": "indonesiacentral",
          "vms": [
            "submit-vm",
            "moderate-vm"
          ]
        }
      },
      "type": [
        "object",
        {
          "eastasia": [
            "object",
            {
              "region": "string",
              "vms": [
                "tuple",
                [
                  "string",
                  "string",
                  "string"
                ]
              ]
            }
          ],
          "indonesia": [
            "object",
            {
              "region": "string",
              "vms": [
                "tuple",
                [
                  "string",
                  "string"
                ]
              ]
            }
          ]
        }
      ]
    },
    "resource_groups": {
      "value": {
        "eastasia": {
          "location": "eastasia",
          "name": "co3404-jokes-eastasia"
        },
        "indonesia": {
          "location": "indonesiacentral",
          "name": "co3404-jokes-indonesia"
        }
      },
      "type": [
        "object",
        {
          "eastasia": [
            "object",
            {
              "location": "string",
              "name": "string"
            }
          ],
          "indonesia": [
            "object",
            {
              "location": "string",
              "name": "string"
            }
          ]
        }
      ]
    },
    "ssh_command": {
      "value": "ssh -i ssh_key.pem azureuser@20.239.48.46",
      "type": "string"
    },
    "ssh_commands": {
      "value": {
        "joke": "ssh -i ssh_key.pem azureuser@40.83.74.64",
        "kong": "ssh -i ssh_key.pem azureuser@20.239.48.46",
        "moderate": "ssh -i ssh_key.pem azureuser@48.193.42.232",
        "rabbitmq": "ssh -i ssh_key.pem azureuser@20.24.195.5",
        "submit": "ssh -i ssh_key.pem azureuser@70.153.147.116"
      },
      "type": [
        "object",
        {
          "joke": "string",
          "kong": "string",
          "moderate": "string",
          "rabbitmq": "string",
          "submit": "string"
        }
      ]
    },
    "vm_public_ips": {
      "value": {
        "joke": "40.83.74.64",
        "kong": "20.239.48.46",
        "moderate": "48.193.42.232",
        "rabbitmq": "20.24.195.5",
        "submit": "70.153.147.116"
      },
      "type": [
        "object",
        {
          "joke": "string",
          "kong": "string",
          "moderate": "string",
          "rabbitmq": "string",
          "submit": "string"
        }
      ]
    }
  },
  "resources": [
    {
      "mode": "managed",
      "type": "azurerm_linux_virtual_machine",
      "name": "eastasia_vms",
      "provider": "provider[\"registry.terraform.io/hashicorp/azurerm\"]",
      "instances": [
        {
          "index_key": "joke",
          "schema_version": 0,
          "attributes": {
            "additional_capabilities": [],
            "admin_password": null,
            "admin_ssh_key": [
              {
                "public_key": "ssh-rsa AAAAB3NzaC1yc2EAAAADAQABAAACAQDBvWDmvOqIZJkaqbIZ+yEoxMPYsSd9o2IaaXCv5dvULJmopLotLaCZLsMWA/OsEZWg0ckndybFtlat8O1S0RV7gjmDgRP4FSBbVd8p6qhbkG+8JOXQalQ1lj3jgDscTK1L2UAJHN4kGWtbIlsfzOsuwQ2pBq2qdLnLC1n0PpuFLMLASJbjAPid9E0Trmk4JM9EtUyhfu6ZVYwB6nffIKuP83a08Af7Uzzom2zmLGw7El4tKDr9NDtGssBzy0U1KNTv0AL91q8rYcSlbVDNijAaVYXH7CIYBGWGqwR/JUfOYWUdtLkPlN7aJbiyWukrBS4TRmVIcMSE9AsXAN+4xUUKGZM0VG1ghOWxUp3B+Wxc7Y/Pb9NFS1/JltkqEvBfWGOo3AOQFU7aRO4p15dmESX4J/HjjzceFPQ0u0CPUE5lFk28eb1zMAmeYV3OApFWBWRIv7I7Trtisc109T3onOCMFcNIxjy3oYRsXIaJoFZ//VTLQpxh21PyA0yCziE89oT0tlOFfZPt8Xq+4Mg/AT/3zX+0c4+nv+Zgv/QyKTRodctzie/N+XeG+BEoNoxosfPwgGSY02gKOBDEQEQR+tyJxkTEDyUaz6e9Fn900CeLJPclGzGt7ZqAIF1GQ+EzPL9INSNLm0NmWZzQnBhVetwRk9WOrzEOe8A65fZdhbTxlQ==\n",
                "username": "azureuser"
              }
            ],
            "admin_username": "azureuser",
            "allow_extension_operations": true,
            "availability_set_id": "",
            "boot_diagnostics": [],
            "bypass_platform_safety_checks_on_user_schedule_enabled": false,
            "capacity_reservation_group_id": "",
            "computer_name": "joke-vm",
            "custom_data": "I2Nsb3VkLWNvbmZpZwojIENsb3VkLUluaXQgRG9ja2VyIEluc3RhbGxhdGlvbgojIFN0dWRlbnQgSUQ6IEcyMTI2Njk2NwoKcGFja2FnZV91cGRhdGU6IHRydWUKcGFja2FnZV91cGdyYWRlOiB0cnVlCgpwYWNrYWdlczoKICAtIGFwdC10cmFuc3BvcnQtaHR0cHMKICAtIGNhLWNlcnRpZmljYXRlcwogIC0gY3VybAogIC0gZ251cGcKICAtIGxzYi1yZWxlYXNlCgpydW5jbWQ6CiAgIyBJbnN0YWxsIERvY2tlcgogIC0gY3VybCAtZnNTTCBodHRwczovL2Rvd25sb2FkLmRvY2tlci5jb20vbGludXgvdWJ1bnR1L2dwZyB8IGdwZyAtLWRlYXJtb3IgLW8gL3Vzci9zaGFyZS9rZXlyaW5ncy9kb2NrZXItYXJjaGl2ZS1rZXlyaW5nLmdwZwogIC0gZWNobyAiZGViIFthcmNoPSQoZHBrZyAtLXByaW50LWFyY2hpdGVjdHVyZSkgc2lnbmVkLWJ5PS91c3Ivc2hhcmUva2V5cmluZ3MvZG9ja2VyLWFyY2hpdmUta2V5cmluZy5ncGddIGh0dHBzOi8vZG93bmxvYWQuZG9ja2VyLmNvbS9saW51eC91YnVudHUgJChsc2JfcmVsZWFzZSAtY3MpIHN0YWJsZSIgfCB0ZWUgL2V0Yy9hcHQvc291cmNlcy5saXN0LmQvZG9ja2VyLmxpc3QgPiAvZGV2L251bGwKICAtIGFwdC1nZXQgdXBkYXRlCiAgLSBhcHQtZ2V0IGluc3RhbGwgLXkgZG9ja2VyLWNlIGRvY2tlci1jZS1jbGkgY29udGFpbmVyZC5pbyBkb2NrZXItY29tcG9zZS1wbHVnaW4KICAtIHN5c3RlbWN0bCBzdGFydCBkb2NrZXIKICAtIHN5c3RlbWN0bCBlbmFibGUgZG9ja2VyCiAgLSB1c2VybW9kIC1hRyBkb2NrZXIgYXp1cmV1c2VyCg==",
            "dedicated_host_group_id": "",
            "dedicated_host_id": "",
            "disable_password_authentication": true,
            "disk_controller_type": "SCSI",
            "edge_zone": "",
            "encryption_at_host_enabled": false,
            "eviction_policy": "",
            "extensions_time_budget": "PT1H30M",
            "gallery_application": [],
            "id": "/subscriptions/e08005f5-750a-4afc-9b45-14073f57a2f2/resourceGroups/co3404-jokes-eastasia/providers/Microsoft.Compute/virtualMachines/joke-vm",
            "identity": [],
            "license_type": "",
            "location": "eastasia",
            "max_bid_price": -1,
            "name": "joke-vm",
            "network_interface_ids": [
              "/subscriptions/e08005f5-750a-4afc-9b45-14073f57a2f2/resourceGroups/co3404-jokes-eastasia/providers/Microsoft.Network/networkInterfaces/joke-nic"
            ],
            "os_disk": [
              {
                "caching": "ReadWrite",
                "diff_disk_settings": [],
                "disk_encryption_set_id": "",
                "disk_size_gb": 30,
                "name": "joke-vm_OsDisk_1_58e1e5e0b2b648009e22444cca78002a",
                "secure_vm_disk_encryption_set_id": "",
                "security_encryption_type": "",
                "storage_account_type": "Standard_LRS",
                "write_accelerator_enabled": false
              }
            ],
            "os_image_notification": [],
            "patch_assessment_mode": "ImageDefault",
            "patch_mode": "ImageDefault",
            "plan": [],
            "platform_fault_domain": -1,
            "priority": "Regular",
            "private_ip_address": "10.0.1.20",
            "private_ip_addresses": [
              "10.0.1.20"
            ],
            "provision_vm_agent": true,
            "proximity_placement_group_id": "",
            "public_ip_address": "40.83.74.64",
            "public_ip_addresses": [
              "40.83.74.64"
            ],
            "reboot_setting": "",
            "resource_group_name": "co3404-jokes-eastasia",
            "secret": [],
            "secure_boot_enabled": false,
            "size": "Standard_B2ats_v2",
            "source_image_id": "",
            "source_image_reference": [
              {
                "offer": "0001-com-ubuntu-server-jammy",
                "publisher": "Canonical",
                "sku": "22_04-lts-gen2",
                "version": "latest"
              }
            ],
            "tags": null,
            "termination_notification": null,
            "timeouts": null,
            "user_data": "",
            "virtual_machine_id": "21f9555b-8ad7-4892-b5be-6e6ec73d6ed4",
            "virtual_machine_scale_set_id": "",
            "vm_agent_platform_updates_enabled": false,
            "vtpm_enabled": false,
            "zone": ""
          },
          "sensitive_attributes": [
            [
              {
                "type": "get_attr",
                "value": "admin_password"
              }
            ],
            [
              {
                "type": "get_attr",
                "value": "custom_data"
              }
            ]
          ],
          "identity_schema_version": 0,
          "private": "eyJlMmJmYjczMC1lY2FhLTExZTYtOGY4OC0zNDM2M2JjN2M0YzAiOnsiY3JlYXRlIjoyNzAwMDAwMDAwMDAwLCJkZWxldGUiOjI3MDAwMDAwMDAwMDAsInJlYWQiOjMwMDAwMDAwMDAwMCwidXBkYXRlIjoyNzAwMDAwMDAwMDAwfX0=",
          "dependencies": [
            "azurerm_network_interface.eastasia_vms",
            "azurerm_public_ip.eastasia_vms",
            "azurerm_resource_group.eastasia",
            "azurerm_subnet.eastasia",
            "azurerm_virtual_network.eastasia",
            "tls_private_key.ssh"
          ]
        },
        {
          "index_key": "rabbitmq",
          "schema_version": 0,
          "attributes": {
            "additional_capabilities": [],
            "admin_password": null,
            "admin_ssh_key": [
              {
                "public_key": "ssh-rsa AAAAB3NzaC1yc2EAAAADAQABAAACAQDBvWDmvOqIZJkaqbIZ+yEoxMPYsSd9o2IaaXCv5dvULJmopLotLaCZLsMWA/OsEZWg0ckndybFtlat8O1S0RV7gjmDgRP4FSBbVd8p6qhbkG+8JOXQalQ1lj3jgDscTK1L2UAJHN4kGWtbIlsfzOsuwQ2pBq2qdLnLC1n0PpuFLMLASJbjAPid9E0Trmk4JM9EtUyhfu6ZVYwB6nffIKuP83a08Af7Uzzom2zmLGw7El4tKDr9NDtGssBzy0U1KNTv0AL91q8rYcSlbVDNijAaVYXH7CIYBGWGqwR/JUfOYWUdtLkPlN7aJbiyWukrBS4TRmVIcMSE9AsXAN+4xUUKGZM0VG1ghOWxUp3B+Wxc7Y/Pb9NFS1/JltkqEvBfWGOo3AOQFU7aRO4p15dmESX4J/HjjzceFPQ0u0CPUE5lFk28eb1zMAmeYV3OApFWBWRIv7I7Trtisc109T3onOCMFcNIxjy3oYRsXIaJoFZ//VTLQpxh21PyA0yCziE89oT0tlOFfZPt8Xq+4Mg/AT/3zX+0c4+nv+Zgv/QyKTRodctzie/N+XeG+BEoNoxosfPwgGSY02gKOBDEQEQR+tyJxkTEDyUaz6e9Fn900CeLJPclGzGt7ZqAIF1GQ+EzPL9INSNLm0NmWZzQnBhVetwRk9WOrzEOe8A65fZdhbTxlQ==\n",
                "username": "azureuser"
              }
            ],
            "admin_username": "azureuser",
            "allow_extension_operations": true,
            "availability_set_id": "",
            "boot_diagnostics": [],
            "bypass_platform_safety_checks_on_user_schedule_enabled": false,
            "capacity_reservation_group_id": "",
            "computer_name": "rabbitmq-vm",
            "custom_data": "I2Nsb3VkLWNvbmZpZwojIENsb3VkLUluaXQgRG9ja2VyIEluc3RhbGxhdGlvbgojIFN0dWRlbnQgSUQ6IEcyMTI2Njk2NwoKcGFja2FnZV91cGRhdGU6IHRydWUKcGFja2FnZV91cGdyYWRlOiB0cnVlCgpwYWNrYWdlczoKICAtIGFwdC10cmFuc3BvcnQtaHR0cHMKICAtIGNhLWNlcnRpZmljYXRlcwogIC0gY3VybAogIC0gZ251cGcKICAtIGxzYi1yZWxlYXNlCgpydW5jbWQ6CiAgIyBJbnN0YWxsIERvY2tlcgogIC0gY3VybCAtZnNTTCBodHRwczovL2Rvd25sb2FkLmRvY2tlci5jb20vbGludXgvdWJ1bnR1L2dwZyB8IGdwZyAtLWRlYXJtb3IgLW8gL3Vzci9zaGFyZS9rZXlyaW5ncy9kb2NrZXItYXJjaGl2ZS1rZXlyaW5nLmdwZwogIC0gZWNobyAiZGViIFthcmNoPSQoZHBrZyAtLXByaW50LWFyY2hpdGVjdHVyZSkgc2lnbmVkLWJ5PS91c3Ivc2hhcmUva2V5cmluZ3MvZG9ja2VyLWFyY2hpdmUta2V5cmluZy5ncGddIGh0dHBzOi8vZG93bmxvYWQuZG9ja2VyLmNvbS9saW51eC91YnVudHUgJChsc2JfcmVsZWFzZSAtY3MpIHN0YWJsZSIgfCB0ZWUgL2V0Yy9hcHQvc291cmNlcy5saXN0LmQvZG9ja2VyLmxpc3QgPiAvZGV2L251bGwKICAtIGFwdC1nZXQgdXBkYXRlCiAgLSBhcHQtZ2V0IGluc3RhbGwgLXkgZG9ja2VyLWNlIGRvY2tlci1jZS1jbGkgY29udGFpbmVyZC5pbyBkb2NrZXItY29tcG9zZS1wbHVnaW4KICAtIHN5c3RlbWN0bCBzdGFydCBkb2NrZXIKICAtIHN5c3RlbWN0bCBlbmFibGUgZG9ja2VyCiAgLSB1c2VybW9kIC1hRyBkb2NrZXIgYXp1cmV1c2VyCg==",
            "dedicated_host_group_id": "",
            "dedicated_host_id": "",
            "disable_password_authentication": true,
            "disk_controller_type": "SCSI",
            "edge_zone": "",
            "encryption_at_host_enabled": false,
            "eviction_policy": "",
            "extensions_time_budget": "PT1H30M",
            "gallery_application": [],
            "id": "/subscriptions/e08005f5-750a-4afc-9b45-14073f57a2f2/resourceGroups/co3404-jokes-eastasia/providers/Microsoft.Compute/virtualMachines/rabbitmq-vm",
            "identity": [],
            "license_type": "",
            "location": "eastasia",
            "max_bid_price": -1,
            "name": "rabbitmq-vm",
            "network_interface_ids": [
              "/subscriptions/e08005f5-750a-4afc-9b45-14073f57a2f2/resourceGroups/co3404-jokes-eastasia/providers/Microsoft.Network/networkInterfaces/rabbitmq-nic"
            ],
            "os_disk": [
              {
                "caching": "ReadWrite",
                "diff_disk_settings": [],
                "disk_encryption_set_id": "",
                "disk_size_gb": 30,
                "name": "rabbitmq-vm_OsDisk_1_8e1118a44f0149bfb056ea48d32d0d94",
                "secure_vm_disk_encryption_set_id": "",
                "security_encryption_type": "",
                "storage_account_type": "Standard_LRS",
                "write_accelerator_enabled": false
              }
            ],
            "os_image_notification": [],
            "patch_assessment_mode": "ImageDefault",
            "patch_mode": "ImageDefault",
            "plan": [],
            "platform_fault_domain": -1,
            "priority": "Regular",
            "private_ip_address": "10.0.1.50",
            "private_ip_addresses": [
              "10.0.1.50"
            ],
            "provision_vm_agent": true,
            "proximity_placement_group_id": "",
            "public_ip_address": "20.24.195.5",
            "public_ip_addresses": [
              "20.24.195.5"
            ],
            "reboot_setting": "",
            "resource_group_name": "co3404-jokes-eastasia",
            "secret": [],
            "secure_boot_enabled": false,
            "size": "Standard_B2ats_v2",
            "source_image_id": "",
            "source_image_reference": [
              {
                "offer": "0001-com-ubuntu-server-jammy",
                "publisher": "Canonical",
                "sku": "22_04-lts-gen2",
                "version": "latest"
              }
            ],
            "tags": null,
            "termination_notification": null,
            "timeouts": null,
            "user_data": "",
            "virtual_machine_id": "cf738356-a312-487c-aa3c-73cd05c481c9",
            "virtual_machine_scale_set_id": "",
            "vm_agent_platform_updates_enabled": false,
            "vtpm_enabled": false,
            "zone": ""
          },
          "sensitive_attributes": [
            [
              {
                "type": "get_attr",
                "value": "admin_password"
              }
            ],
            [
              {
                "type": "get_attr",
                "value": "custom_data"
              }
            ]
          ],
          "identity_schema_version": 0,
          "private": "eyJlMmJmYjczMC1lY2FhLTExZTYtOGY4OC0zNDM2M2JjN2M0YzAiOnsiY3JlYXRlIjoyNzAwMDAwMDAwMDAwLCJkZWxldGUiOjI3MDAwMDAwMDAwMDAsInJlYWQiOjMwMDAwMDAwMDAwMCwidXBkYXRlIjoyNzAwMDAwMDAwMDAwfX0=",
          "dependencies": [
            "azurerm_network_interface.eastasia_vms",
            "azurerm_public_ip.eastasia_vms",
            "azurerm_resource_group.eastasia",
            "azurerm_subnet.eastasia",
            "azurerm_virtual_network.eastasia",
            "tls_private_key.ssh"
          ]
        }
      ]
    },
    {
      "mode": "managed",
      "type": "azurerm_linux_virtual_machine",
      "name": "indonesia_vms",
      "provider": "provider[\"registry.terraform.io/hashicorp/azurerm\"]",
      "instances": [
        {
          "index_key": "moderate",
          "schema_version": 0,
          "attributes": {
            "additional_capabilities": [],
            "admin_password": null,
            "admin_ssh_key": [
              {
                "public_key": "ssh-rsa AAAAB3NzaC1yc2EAAAADAQABAAACAQDBvWDmvOqIZJkaqbIZ+yEoxMPYsSd9o2IaaXCv5dvULJmopLotLaCZLsMWA/OsEZWg0ckndybFtlat8O1S0RV7gjmDgRP4FSBbVd8p6qhbkG+8JOXQalQ1lj3jgDscTK1L2UAJHN4kGWtbIlsfzOsuwQ2pBq2qdLnLC1n0PpuFLMLASJbjAPid9E0Trmk4JM9EtUyhfu6ZVYwB6nffIKuP83a08Af7Uzzom2zmLGw7El4tKDr9NDtGssBzy0U1KNTv0AL91q8rYcSlbVDNijAaVYXH7CIYBGWGqwR/JUfOYWUdtLkPlN7aJbiyWukrBS4TRmVIcMSE9AsXAN+4xUUKGZM0VG1ghOWxUp3B+Wxc7Y/Pb9NFS1/JltkqEvBfWGOo3AOQFU7aRO4p15dmESX4J/HjjzceFPQ0u0CPUE5lFk28eb1zMAmeYV3OApFWBWRIv7I7Trtisc109T3onOCMFcNIxjy3oYRsXIaJoFZ//VTLQpxh21PyA0yCziE89oT0tlOFfZPt8Xq+4Mg/AT/3zX+0c4+nv+Zgv/QyKTRodctzie/N+XeG+BEoNoxosfPwgGSY02gKOBDEQEQR+tyJxkTEDyUaz6e9Fn900CeLJPclGzGt7ZqAIF1GQ+EzPL9INSNLm0NmWZzQnBhVetwRk9WOrzEOe8A65fZdhbTxlQ==\n",
                "username": "azureuser"
              }
            ],
            "admin_username": "azureuser",
            "allow_extension_operations": true,
            "availability_set_id": "",
            "boot_diagnostics": [],
            "bypass_platform_safety_checks_on_user_schedule_enabled": false,
            "capacity_reservation_group_id": "",
            "computer_name": "moderate-vm",
            "custom_data": "I2Nsb3VkLWNvbmZpZwojIENsb3VkLUluaXQgRG9ja2VyIEluc3RhbGxhdGlvbgojIFN0dWRlbnQgSUQ6IEcyMTI2Njk2NwoKcGFja2FnZV91cGRhdGU6IHRydWUKcGFja2FnZV91cGdyYWRlOiB0cnVlCgpwYWNrYWdlczoKICAtIGFwdC10cmFuc3BvcnQtaHR0cHMKICAtIGNhLWNlcnRpZmljYXRlcwogIC0gY3VybAogIC0gZ251cGcKICAtIGxzYi1yZWxlYXNlCgpydW5jbWQ6CiAgIyBJbnN0YWxsIERvY2tlcgogIC0gY3VybCAtZnNTTCBodHRwczovL2Rvd25sb2FkLmRvY2tlci5jb20vbGludXgvdWJ1bnR1L2dwZyB8IGdwZyAtLWRlYXJtb3IgLW8gL3Vzci9zaGFyZS9rZXlyaW5ncy9kb2NrZXItYXJjaGl2ZS1rZXlyaW5nLmdwZwogIC0gZWNobyAiZGViIFthcmNoPSQoZHBrZyAtLXByaW50LWFyY2hpdGVjdHVyZSkgc2lnbmVkLWJ5PS91c3Ivc2hhcmUva2V5cmluZ3MvZG9ja2VyLWFyY2hpdmUta2V5cmluZy5ncGddIGh0dHBzOi8vZG93bmxvYWQuZG9ja2VyLmNvbS9saW51eC91YnVudHUgJChsc2JfcmVsZWFzZSAtY3MpIHN0YWJsZSIgfCB0ZWUgL2V0Yy9hcHQvc291cmNlcy5saXN0LmQvZG9ja2VyLmxpc3QgPiAvZGV2L251bGwKICAtIGFwdC1nZXQgdXBkYXRlCiAgLSBhcHQtZ2V0IGluc3RhbGwgLXkgZG9ja2VyLWNlIGRvY2tlci1jZS1jbGkgY29udGFpbmVyZC5pbyBkb2NrZXItY29tcG9zZS1wbHVnaW4KICAtIHN5c3RlbWN0bCBzdGFydCBkb2NrZXIKICAtIHN5c3RlbWN0bCBlbmFibGUgZG9ja2VyCiAgLSB1c2VybW9kIC1hRyBkb2NrZXIgYXp1cmV1c2VyCg==",
            "dedicated_host_group_id": "",
            "dedicated_host_id": "",
            "disable_password_authentication": true,
            "disk_controller_type": "SCSI",
            "edge_zone": "",
            "encryption_at_host_enabled": false,
            "eviction_policy": "",
            "extensions_time_budget": "PT1H30M",
            "gallery_application": [],
            "id": "/subscriptions/e08005f5-750a-4afc-9b45-14073f57a2f2/resourceGroups/co3404-jokes-indonesia/providers/Microsoft.Compute/virtualMachines/moderate-vm",
            "identity": [],
            "license_type": "",
            "location": "indonesiacentral",
            "max_bid_price": -1,
            "name": "moderate-vm",
            "network_interface_ids": [
              "/subscriptions/e08005f5-750a-4afc-9b45-14073f57a2f2/resourceGroups/co3404-jokes-indonesia/providers/Microsoft.Network/networkInterfaces/moderate-nic"
            ],
            "os_disk": [
              {
                "caching": "ReadWrite",
                "diff_disk_settings": [],
                "disk_encryption_set_id": "",
                "disk_size_gb": 30,
                "name": "moderate-vm_OsDisk_1_3d8c2563065d4bbc832036d2388a5ebb",
                "secure_vm_disk_encryption_set_id": "",
                "security_encryption_type": "",
                "storage_account_type": "Standard_LRS",
                "write_accelerator_enabled": false
              }
            ],
            "os_image_notification": [],
            "patch_assessment_mode": "ImageDefault",
            "patch_mode": "ImageDefault",
            "plan": [],
            "platform_fault_domain": -1,
            "priority": "Regular",
            "private_ip_address": "10.1.1.40",
            "private_ip_addresses": [
              "10.1.1.40"
            ],
            "provision_vm_agent": true,
            "proximity_placement_group_id": "",
            "public_ip_address": "48.193.42.232",
            "public_ip_addresses": [
              "48.193.42.232"
            ],
            "reboot_setting": "",
            "resource_group_name": "co3404-jokes-indonesia",
            "secret": [],
            "secure_boot_enabled": false,
            "size": "Standard_B2ats_v2",
            "source_image_id": "",
            "source_image_reference": [
              {
                "offer": "0001-com-ubuntu-server-jammy",
                "publisher": "Canonical",
                "sku": "22_04-lts-gen2",
                "version": "latest"
              }
            ],
            "tags": null,
            "termination_notification": null,
            "timeouts": null,
            "user_data": "",
            "virtual_machine_id": "1de72462-bc51-4683-b885-bc03da9a64eb",
            "virtual_machine_scale_set_id": "",
            "vm_agent_platform_updates_enabled": false,
            "vtpm_enabled": false,
            "zone": ""
          },
          "sensitive_attributes": [
            [
              {
                "type": "get_attr",
                "value": "admin_password"
              }
            ],
            [
              {
                "type": "get_attr",
                "value": "custom_data"
              }
            ]
          ],
          "identity_schema_version": 0,
          "private": "eyJlMmJmYjczMC1lY2FhLTExZTYtOGY4OC0zNDM2M2JjN2M0YzAiOnsiY3JlYXRlIjoyNzAwMDAwMDAwMDAwLCJkZWxldGUiOjI3MDAwMDAwMDAwMDAsInJlYWQiOjMwMDAwMDAwMDAwMCwidXBkYXRlIjoyNzAwMDAwMDAwMDAwfX0=",
          "dependencies": [
            "azurerm_network_interface.indonesia_vms",
            "azurerm_public_ip.indonesia_vms",
            "azurerm_resource_group.indonesia",
            "azurerm_subnet.indonesia",
            "azurerm_virtual_network.indonesia",
            "tls_private_key.ssh"
          ]
        },
        {
          "index_key": "submit",
          "schema_version": 0,
          "attributes": {
            "additional_capabilities": [],
            "admin_password": null,
            "admin_ssh_key": [
              {
                "public_key": "ssh-rsa AAAAB3NzaC1yc2EAAAADAQABAAACAQDBvWDmvOqIZJkaqbIZ+yEoxMPYsSd9o2IaaXCv5dvULJmopLotLaCZLsMWA/OsEZWg0ckndybFtlat8O1S0RV7gjmDgRP4FSBbVd8p6qhbkG+8JOXQalQ1lj3jgDscTK1L2UAJHN4kGWtbIlsfzOsuwQ2pBq2qdLnLC1n0PpuFLMLASJbjAPid9E0Trmk4JM9EtUyhfu6ZVYwB6nffIKuP83a08Af7Uzzom2zmLGw7El4tKDr9NDtGssBzy0U1KNTv0AL91q8rYcSlbVDNijAaVYXH7CIYBGWGqwR/JUfOYWUdtLkPlN7aJbiyWukrBS4TRmVIcMSE9AsXAN+4xUUKGZM0VG1ghOWxUp3B+Wxc7Y/Pb9NFS1/JltkqEvBfWGOo3AOQFU7aRO4p15dmESX4J/HjjzceFPQ0u0CPUE5lFk28eb1zMAmeYV3OApFWBWRIv7I7Trtisc109T3onOCMFcNIxjy3oYRsXIaJoFZ//VTLQpxh21PyA0yCziE89oT0tlOFfZPt8Xq+4Mg/AT/3zX+0c4+nv+Zgv/QyKTRodctzie/N+XeG+BEoNoxosfPwgGSY02gKOBDEQEQR+tyJxkTEDyUaz6e9Fn900CeLJPclGzGt7ZqAIF1GQ+EzPL9INSNLm0NmWZzQnBhVetwRk9WOrzEOe8A65fZdhbTxlQ==\n",
                "username": "azureuser"
              }
            ],
            "admin_username": "azureuser",
            "allow_extension_operations": true,
            "availability_set_id": "",
            "boot_diagnostics": [],
            "bypass_platform_safety_checks_on_user_schedule_enabled": false,
            "capacity_reservation_group_id": "",
            "computer_name": "submit-vm",
            "custom_data": "I2Nsb3VkLWNvbmZpZwojIENsb3VkLUluaXQgRG9ja2VyIEluc3RhbGxhdGlvbgojIFN0dWRlbnQgSUQ6IEcyMTI2Njk2NwoKcGFja2FnZV91cGRhdGU6IHRydWUKcGFja2FnZV91cGdyYWRlOiB0cnVlCgpwYWNrYWdlczoKICAtIGFwdC10cmFuc3BvcnQtaHR0cHMKICAtIGNhLWNlcnRpZmljYXRlcwogIC0gY3VybAogIC0gZ251cGcKICAtIGxzYi1yZWxlYXNlCgpydW5jbWQ6CiAgIyBJbnN0YWxsIERvY2tlcgogIC0gY3VybCAtZnNTTCBodHRwczovL2Rvd25sb2FkLmRvY2tlci5jb20vbGludXgvdWJ1bnR1L2dwZyB8IGdwZyAtLWRlYXJtb3IgLW8gL3Vzci9zaGFyZS9rZXlyaW5ncy9kb2NrZXItYXJjaGl2ZS1rZXlyaW5nLmdwZwogIC0gZWNobyAiZGViIFthcmNoPSQoZHBrZyAtLXByaW50LWFyY2hpdGVjdHVyZSkgc2lnbmVkLWJ5PS91c3Ivc2hhcmUva2V5cmluZ3MvZG9ja2VyLWFyY2hpdmUta2V5cmluZy5ncGddIGh0dHBzOi8vZG93bmxvYWQuZG9ja2VyLmNvbS9saW51eC91YnVudHUgJChsc2JfcmVsZWFzZSAtY3MpIHN0YWJsZSIgfCB0ZWUgL2V0Yy9hcHQvc291cmNlcy5saXN0LmQvZG9ja2VyLmxpc3QgPiAvZGV2L251bGwKICAtIGFwdC1nZXQgdXBkYXRlCiAgLSBhcHQtZ2V0IGluc3RhbGwgLXkgZG9ja2VyLWNlIGRvY2tlci1jZS1jbGkgY29udGFpbmVyZC5pbyBkb2NrZXItY29tcG9zZS1wbHVnaW4KICAtIHN5c3RlbWN0bCBzdGFydCBkb2NrZXIKICAtIHN5c3RlbWN0bCBlbmFibGUgZG9ja2VyCiAgLSB1c2VybW9kIC1hRyBkb2NrZXIgYXp1cmV1c2VyCg==",
            "dedicated_host_group_id": "",
            "dedicated_host_id": "",
            "disable_password_authentication": true,
            "disk_controller_type": "SCSI",
            "edge_zone": "",
            "encryption_at_host_enabled": false,
            "eviction_policy": "",
            "extensions_time_budget": "PT1H30M",
            "gallery_application": [],
            "id": "/subscriptions/e08005f5-750a-4afc-9b45-14073f57a2f2/resourceGroups/co3404-jokes-indonesia/providers/Microsoft.Compute/virtualMachines/submit-vm",
            "identity": [],
            "license_type": "",
            "location": "indonesiacentral",
            "max_bid_price": -1,
            "name": "submit-vm",
            "network_interface_ids": [
              "/subscriptions/e08005f5-750a-4afc-9b45-14073f57a2f2/resourceGroups/co3404-jokes-indonesia/providers/Microsoft.Network/networkInterfaces/submit-nic"
            ],
            "os_disk": [
              {
                "caching": "ReadWrite",
                "diff_disk_settings": [],
                "disk_encryption_set_id": "",
                "disk_size_gb": 30,
                "name": "submit-vm_OsDisk_1_4106e915459145ffa58788bd8595b799",
                "secure_vm_disk_encryption_set_id": "",
                "security_encryption_type": "",
                "storage_account_type": "Standard_LRS",
                "write_accelerator_enabled": false
              }
            ],
            "os_image_notification": [],
            "patch_assessment_mode": "ImageDefault",
            "patch_mode": "ImageDefault",
            "plan": [],
            "platform_fault_domain": -1,
            "priority": "Regular",
            "private_ip_address": "10.1.1.30",
            "private_ip_addresses": [
              "10.1.1.30"
            ],
            "provision_vm_agent": true,
            "proximity_placement_group_id": "",
            "public_ip_address": "70.153.147.116",
            "public_ip_addresses": [
              "70.153.147.116"
            ],
            "reboot_setting": "",
            "resource_group_name": "co3404-jokes-indonesia",
            "secret": [],
            "secure_boot_enabled": false,
            "size": "Standard_B2ats_v2",
            "source_image_id": "",
            "source_image_reference": [
              {
                "offer": "0001-com-ubuntu-server-jammy",
                "publisher": "Canonical",
                "sku": "22_04-lts-gen2",
                "version": "latest"
              }
            ],
            "tags": null,
            "termination_notification": null,
            "timeouts": null,
            "user_data": "",
            "virtual_machine_id": "172a1cdf-a94b-4d5e-847c-2c94f65a52cb",
            "virtual_machine_scale_set_id": "",
            "vm_agent_platform_updates_enabled": false,
            "vtpm_enabled": false,
            "zone": ""
          },
          "sensitive_attributes": [
            [
              {
                "type": "get_attr",
                "value": "admin_password"
              }
            ],
            [
              {
                "type": "get_attr",
                "value": "custom_data"
              }
            ]
          ],
          "identity_schema_version": 0,
          "private": "eyJlMmJmYjczMC1lY2FhLTExZTYtOGY4OC0zNDM2M2JjN2M0YzAiOnsiY3JlYXRlIjoyNzAwMDAwMDAwMDAwLCJkZWxldGUiOjI3MDAwMDAwMDAwMDAsInJlYWQiOjMwMDAwMDAwMDAwMCwidXBkYXRlIjoyNzAwMDAwMDAwMDAwfX0=",
          "dependencies": [
            "azurerm_network_interface.indonesia_vms",
            "azurerm_public_ip.indonesia_vms",
            "azurerm_resource_group.indonesia",
            "azurerm_subnet.indonesia",
            "azurerm_virtual_network.indonesia",
            "tls_private_key.ssh"
          ]
        }
      ]
    },
    {
      "mode": "managed",
      "type": "azurerm_linux_virtual_machine",
      "name": "kong",
      "provider": "provider[\"registry.terraform.io/hashicorp/azurerm\"]",
      "instances": [
        {
          "schema_version": 0,
          "attributes": {
            "additional_capabilities": [],
            "admin_password": null,
            "admin_ssh_key": [
              {
                "public_key": "ssh-rsa AAAAB3NzaC1yc2EAAAADAQABAAACAQDBvWDmvOqIZJkaqbIZ+yEoxMPYsSd9o2IaaXCv5dvULJmopLotLaCZLsMWA/OsEZWg0ckndybFtlat8O1S0RV7gjmDgRP4FSBbVd8p6qhbkG+8JOXQalQ1lj3jgDscTK1L2UAJHN4kGWtbIlsfzOsuwQ2pBq2qdLnLC1n0PpuFLMLASJbjAPid9E0Trmk4JM9EtUyhfu6ZVYwB6nffIKuP83a08Af7Uzzom2zmLGw7El4tKDr9NDtGssBzy0U1KNTv0AL91q8rYcSlbVDNijAaVYXH7CIYBGWGqwR/JUfOYWUdtLkPlN7aJbiyWukrBS4TRmVIcMSE9AsXAN+4xUUKGZM0VG1ghOWxUp3B+Wxc7Y/Pb9NFS1/JltkqEvBfWGOo3AOQFU7aRO4p15dmESX4J/HjjzceFPQ0u0CPUE5lFk28eb1zMAmeYV3OApFWBWRIv7I7Trtisc109T3onOCMFcNIxjy3oYRsXIaJoFZ//VTLQpxh21PyA0yCziE89oT0tlOFfZPt8Xq+4Mg/AT/3zX+0c4+nv+Zgv/QyKTRodctzie/N+XeG+BEoNoxosfPwgGSY02gKOBDEQEQR+tyJxkTEDyUaz6e9Fn900CeLJPclGzGt7ZqAIF1GQ+EzPL9INSNLm0NmWZzQnBhVetwRk9WOrzEOe8A65fZdhbTxlQ==\n",
                "username": "azureuser"
              }
            ],
            "admin_username": "azureuser",
            "allow_extension_operations": true,
            "availability_set_id": "",
            "boot_diagnostics": [],
            "bypass_platform_safety_checks_on_user_schedule_enabled": false,
            "capacity_reservation_group_id": "",
            "computer_name": "kong-vm",
            "custom_data": "I2Nsb3VkLWNvbmZpZwojIENsb3VkLUluaXQgRG9ja2VyIEluc3RhbGxhdGlvbgojIFN0dWRlbnQgSUQ6IEcyMTI2Njk2NwoKcGFja2FnZV91cGRhdGU6IHRydWUKcGFja2FnZV91cGdyYWRlOiB0cnVlCgpwYWNrYWdlczoKICAtIGFwdC10cmFuc3BvcnQtaHR0cHMKICAtIGNhLWNlcnRpZmljYXRlcwogIC0gY3VybAogIC0gZ251cGcKICAtIGxzYi1yZWxlYXNlCgpydW5jbWQ6CiAgIyBJbnN0YWxsIERvY2tlcgogIC0gY3VybCAtZnNTTCBodHRwczovL2Rvd25sb2FkLmRvY2tlci5jb20vbGludXgvdWJ1bnR1L2dwZyB8IGdwZyAtLWRlYXJtb3IgLW8gL3Vzci9zaGFyZS9rZXlyaW5ncy9kb2NrZXItYXJjaGl2ZS1rZXlyaW5nLmdwZwogIC0gZWNobyAiZGViIFthcmNoPSQoZHBrZyAtLXByaW50LWFyY2hpdGVjdHVyZSkgc2lnbmVkLWJ5PS91c3Ivc2hhcmUva2V5cmluZ3MvZG9ja2VyLWFyY2hpdmUta2V5cmluZy5ncGddIGh0dHBzOi8vZG93bmxvYWQuZG9ja2VyLmNvbS9saW51eC91YnVudHUgJChsc2JfcmVsZWFzZSAtY3MpIHN0YWJsZSIgfCB0ZWUgL2V0Yy9hcHQvc291cmNlcy5saXN0LmQvZG9ja2VyLmxpc3QgPiAvZGV2L251bGwKICAtIGFwdC1nZXQgdXBkYXRlCiAgLSBhcHQtZ2V0IGluc3RhbGwgLXkgZG9ja2VyLWNlIGRvY2tlci1jZS1jbGkgY29udGFpbmVyZC5pbyBkb2NrZXItY29tcG9zZS1wbHVnaW4KICAtIHN5c3RlbWN0bCBzdGFydCBkb2NrZXIKICAtIHN5c3RlbWN0bCBlbmFibGUgZG9ja2VyCiAgLSB1c2VybW9kIC1hRyBkb2NrZXIgYXp1cmV1c2VyCg==",
            "dedicated_host_group_id": "",
            "dedicated_host_id": "",
            "disable_password_authentication": true,
            "disk_controller_type": "SCSI",
            "edge_zone": "",
            "encryption_at_host_enabled": false,
            "eviction_policy": "",
            "extensions_time_budget": "PT1H30M",
            "gallery_application": [],
            "id": "/subscriptions/e08005f5-750a-4afc-9b45-14073f57a2f2/resourceGroups/co3404-jokes-eastasia/providers/Microsoft.Compute/virtualMachines/kong-vm",
            "identity": [],
            "license_type": "",
            "location": "eastasia",
            "max_bid_price": -1,
            "name": "kong-vm",
            "network_interface_ids": [
              "/subscriptions/e08005f5-750a-4afc-9b45-14073f57a2f2/resourceGroups/co3404-jokes-eastasia/providers/Microsoft.Network/networkInterfaces/kong-nic"
            ],
            "os_disk": [
              {
                "caching": "ReadWrite",
                "diff_disk_settings": [],
                "disk_encryption_set_id": "",
                "disk_size_gb": 30,
                "name": "kong-vm_OsDisk_1_b80efe30dde8478083be35a7988c9aa4",
                "secure_vm_disk_encryption_set_id": "",
                "security_encryption_type": "",
                "storage_account_type": "Standard_LRS",
                "write_accelerator_enabled": false
              }
            ],
            "os_image_notification": [],
            "patch_assessment_mode": "ImageDefault",
            "patch_mode": "ImageDefault",
            "plan": [],
            "platform_fault_domain": -1,
            "priority": "Regular",
            "private_ip_address": "10.0.1.10",
            "private_ip_addresses": [
              "10.0.1.10"
            ],
            "provision_vm_agent": true,
            "proximity_placement_group_id": "",
            "public_ip_address": "20.239.48.46",
            "public_ip_addresses": [
              "20.239.48.46"
            ],
            "reboot_setting": "",
            "resource_group_name": "co3404-jokes-eastasia",
            "secret": [],
            "secure_boot_enabled": false,
            "size": "Standard_B2ats_v2",
            "source_image_id": "",
            "source_image_reference": [
              {
                "offer": "0001-com-ubuntu-server-jammy",
                "publisher": "Canonical",
                "sku": "22_04-lts-gen2",
                "version": "latest"
              }
            ],
            "tags": null,
            "termination_notification": null,
            "timeouts": null,
            "user_data": "",
            "virtual_machine_id": "7b5594c2-26bb-4604-a814-6c42f6e92c56",
            "virtual_machine_scale_set_id": "",
            "vm_agent_platform_updates_enabled": false,
            "vtpm_enabled": false,
            "zone": ""
          },
          "sensitive_attributes": [
            [
              {
                "type": "get_attr",
                "value": "admin_password"
              }
            ],
            [
              {
                "type": "get_attr",
                "value": "custom_data"
              }
            ]
          ],
          "identity_schema_version": 0,
          "private": "eyJlMmJmYjczMC1lY2FhLTExZTYtOGY4OC0zNDM2M2JjN2M0YzAiOnsiY3JlYXRlIjoyNzAwMDAwMDAwMDAwLCJkZWxldGUiOjI3MDAwMDAwMDAwMDAsInJlYWQiOjMwMDAwMDAwMDAwMCwidXBkYXRlIjoyNzAwMDAwMDAwMDAwfX0=",
          "dependencies": [
            "azurerm_network_interface.kong",
            "azurerm_public_ip.kong",
            "azurerm_resource_group.eastasia",
            "azurerm_subnet.eastasia",
            "azurerm_virtual_network.eastasia",
            "tls_private_key.ssh"
          ]
        }
      ]
    },
    {
      "mode": "managed",
      "type": "azurerm_network_interface",
      "name": "eastasia_vms",
      "provider": "provider[\"registry.terraform.io/hashicorp/azurerm\"]",
      "instances": [
        {
          "index_key": "joke",
          "schema_version": 0,
          "attributes": {
            "accelerated_networking_enabled": false,
            "applied_dns_servers": [],
            "auxiliary_mode": "",
            "auxiliary_sku": "",
            "dns_servers": [],
            "edge_zone": "",
            "enable_accelerated_networking": false,
            "enable_ip_forwarding": false,
            "id": "/subscriptions/e08005f5-750a-4afc-9b45-14073f57a2f2/resourceGroups/co3404-jokes-eastasia/providers/Microsoft.Network/networkInterfaces/joke-nic",
            "internal_dns_name_label": "",
            "internal_domain_name_suffix": "u4julflinajubdtri250ujjmmh.hx.internal.cloudapp.net",
            "ip_configuration": [
              {
                "gateway_load_balancer_frontend_ip_configuration_id": "",
                "name": "internal",
                "primary": true,
                "private_ip_address": "10.0.1.20",
                "private_ip_address_allocation": "Static",
                "private_ip_address_version": "IPv4",
                "public_ip_address_id": "/subscriptions/e08005f5-750a-4afc-9b45-14073f57a2f2/resourceGroups/co3404-jokes-eastasia/providers/Microsoft.Network/publicIPAddresses/joke-pip",
                "subnet_id": "/subscriptions/e08005f5-750a-4afc-9b45-14073f57a2f2/resourceGroups/co3404-jokes-eastasia/providers/Microsoft.Network/virtualNetworks/jokes-vnet-eastasia/subnets/jokes-subnet-eastasia"
              }
            ],
            "ip_forwarding_enabled": false,
            "location": "eastasia",
            "mac_address": "",
            "name": "joke-nic",
            "private_ip_address": "10.0.1.20",
            "private_ip_addresses": [
              "10.0.1.20"
            ],
            "resource_group_name": "co3404-jokes-eastasia",
            "tags": null,
            "timeouts": null,
            "virtual_machine_id": ""
          },
          "sensitive_attributes": [],
          "identity_schema_version": 0,
          "private": "eyJlMmJmYjczMC1lY2FhLTExZTYtOGY4OC0zNDM2M2JjN2M0YzAiOnsiY3JlYXRlIjoxODAwMDAwMDAwMDAwLCJkZWxldGUiOjE4MDAwMDAwMDAwMDAsInJlYWQiOjMwMDAwMDAwMDAwMCwidXBkYXRlIjoxODAwMDAwMDAwMDAwfX0=",
          "dependencies": [
            "azurerm_public_ip.eastasia_vms",
            "azurerm_resource_group.eastasia",
            "azurerm_subnet.eastasia",
            "azurerm_virtual_network.eastasia"
          ]
        },
        {
          "index_key": "rabbitmq",
          "schema_version": 0,
          "attributes": {
            "accelerated_networking_enabled": false,
            "applied_dns_servers": [],
            "auxiliary_mode": "",
            "auxiliary_sku": "",
            "dns_servers": [],
            "edge_zone": "",
            "enable_accelerated_networking": false,
            "enable_ip_forwarding": false,
            "id": "/subscriptions/e08005f5-750a-4afc-9b45-14073f57a2f2/resourceGroups/co3404-jokes-eastasia/providers/Microsoft.Network/networkInterfaces/rabbitmq-nic",
            "internal_dns_name_label": "",
            "internal_domain_name_suffix": "u4julflinajubdtri250ujjmmh.hx.internal.cloudapp.net",
            "ip_configuration": [
              {
                "gateway_load_balancer_frontend_ip_configuration_id": "",
                "name": "internal",
                "primary": true,
                "private_ip_address": "10.0.1.50",
                "private_ip_address_allocation": "Static",
                "private_ip_address_version": "IPv4",
                "public_ip_address_id": "/subscriptions/e08005f5-750a-4afc-9b45-14073f57a2f2/resourceGroups/co3404-jokes-eastasia/providers/Microsoft.Network/publicIPAddresses/rabbitmq-pip",
                "subnet_id": "/subscriptions/e08005f5-750a-4afc-9b45-14073f57a2f2/resourceGroups/co3404-jokes-eastasia/providers/Microsoft.Network/virtualNetworks/jokes-vnet-eastasia/subnets/jokes-subnet-eastasia"
              }
            ],
            "ip_forwarding_enabled": false,
            "location": "eastasia",
            "mac_address": "",
            "name": "rabbitmq-nic",
            "private_ip_address": "10.0.1.50",
            "private_ip_addresses": [
              "10.0.1.50"
            ],
            "resource_group_name": "co3404-jokes-eastasia",
            "tags": null,
            "timeouts": null,
            "virtual_machine_id": ""
          },
          "sensitive_attributes": [],
          "identity_schema_version": 0,
          "private": "eyJlMmJmYjczMC1lY2FhLTExZTYtOGY4OC0zNDM2M2JjN2M0YzAiOnsiY3JlYXRlIjoxODAwMDAwMDAwMDAwLCJkZWxldGUiOjE4MDAwMDAwMDAwMDAsInJlYWQiOjMwMDAwMDAwMDAwMCwidXBkYXRlIjoxODAwMDAwMDAwMDAwfX0=",
          "dependencies": [
            "azurerm_public_ip.eastasia_vms",
            "azurerm_resource_group.eastasia",
            "azurerm_subnet.eastasia",
            "azurerm_virtual_network.eastasia"
          ]
        }
      ]
    },
    {
      "mode": "managed",
      "type": "azurerm_network_interface",
      "name": "indonesia_vms",
      "provider": "provider[\"registry.terraform.io/hashicorp/azurerm\"]",
      "instances": [
        {
          "index_key": "moderate",
          "schema_version": 0,
          "attributes": {
            "accelerated_networking_enabled": false,
            "applied_dns_servers": [],
            "auxiliary_mode": "",
            "auxiliary_sku": "",
            "dns_servers": [],
            "edge_zone": "",
            "enable_accelerated_networking": false,
            "enable_ip_forwarding": false,
            "id": "/subscriptions/e08005f5-750a-4afc-9b45-14073f57a2f2/resourceGroups/co3404-jokes-indonesia/providers/Microsoft.Network/networkInterfaces/moderate-nic",
            "internal_dns_name_label": "",
            "internal_domain_name_suffix": "zrpe2nidemnubihg22a5kwcxdh.jktx.internal.cloudapp.net",
            "ip_configuration": [
              {
                "gateway_load_balancer_frontend_ip_configuration_id": "",
                "name": "internal",
                "primary": true,
                "private_ip_address": "10.1.1.40",
                "private_ip_address_allocation": "Static",
                "private_ip_address_version": "IPv4",
                "public_ip_address_id": "/subscriptions/e08005f5-750a-4afc-9b45-14073f57a2f2/resourceGroups/co3404-jokes-indonesia/providers/Microsoft.Network/publicIPAddresses/moderate-pip",
                "subnet_id": "/subscriptions/e08005f5-750a-4afc-9b45-14073f57a2f2/resourceGroups/co3404-jokes-indonesia/providers/Microsoft.Network/virtualNetworks/jokes-vnet-indonesia/subnets/jokes-subnet-indonesia"
              }
            ],
            "ip_forwarding_enabled": false,
            "location": "indonesiacentral",
            "mac_address": "",
            "name": "moderate-nic",
            "private_ip_address": "10.1.1.40",
            "private_ip_addresses": [
              "10.1.1.40"
            ],
            "resource_group_name": "co3404-jokes-indonesia",
            "tags": null,
            "timeouts": null,
            "virtual_machine_id": ""
          },
          "sensitive_attributes": [],
          "identity_schema_version": 0,
          "private": "eyJlMmJmYjczMC1lY2FhLTExZTYtOGY4OC0zNDM2M2JjN2M0YzAiOnsiY3JlYXRlIjoxODAwMDAwMDAwMDAwLCJkZWxldGUiOjE4MDAwMDAwMDAwMDAsInJlYWQiOjMwMDAwMDAwMDAwMCwidXBkYXRlIjoxODAwMDAwMDAwMDAwfX0=",
          "dependencies": [
            "azurerm_public_ip.indonesia_vms",
            "azurerm_resource_group.indonesia",
            "azurerm_subnet.indonesia",
            "azurerm_virtual_network.indonesia"
          ]
        },
        {
          "index_key": "submit",
          "schema_version": 0,
          "attributes": {
            "accelerated_networking_enabled": false,
            "applied_dns_servers": [],
            "auxiliary_mode": "",
            "auxiliary_sku": "",
            "dns_servers": [],
            "edge_zone": "",
            "enable_accelerated_networking": false,
            "enable_ip_forwarding": false,
            "id": "/subscriptions/e08005f5-750a-4afc-9b45-14073f57a2f2/resourceGroups/co3404-jokes-indonesia/providers/Microsoft.Network/networkInterfaces/submit-nic",
            "internal_dns_name_label": "",
            "internal_domain_name_suffix": "zrpe2nidemnubihg22a5kwcxdh.jktx.internal.cloudapp.net",
            "ip_configuration": [
              {
                "gateway_load_balancer_frontend_ip_configuration_id": "",
                "name": "internal",
                "primary": true,
                "private_ip_address": "10.1.1.30",
                "private_ip_address_allocation": "Static",
                "private_ip_address_version": "IPv4",
                "public_ip_address_id": "/subscriptions/e08005f5-750a-4afc-9b45-14073f57a2f2/resourceGroups/co3404-jokes-indonesia/providers/Microsoft.Network/publicIPAddresses/submit-pip",
                "subnet_id": "/subscriptions/e08005f5-750a-4afc-9b45-14073f57a2f2/resourceGroups/co3404-jokes-indonesia/providers/Microsoft.Network/virtualNetworks/jokes-vnet-indonesia/subnets/jokes-subnet-indonesia"
              }
            ],
            "ip_forwarding_enabled": false,
            "location": "indonesiacentral",
            "mac_address": "",
            "name": "submit-nic",
            "private_ip_address": "10.1.1.30",
            "private_ip_addresses": [
              "10.1.1.30"
            ],
            "resource_group_name": "co3404-jokes-indonesia",
            "tags": null,
            "timeouts": null,
            "virtual_machine_id": ""
          },
          "sensitive_attributes": [],
          "identity_schema_version": 0,
          "private": "eyJlMmJmYjczMC1lY2FhLTExZTYtOGY4OC0zNDM2M2JjN2M0YzAiOnsiY3JlYXRlIjoxODAwMDAwMDAwMDAwLCJkZWxldGUiOjE4MDAwMDAwMDAwMDAsInJlYWQiOjMwMDAwMDAwMDAwMCwidXBkYXRlIjoxODAwMDAwMDAwMDAwfX0=",
          "dependencies": [
            "azurerm_public_ip.indonesia_vms",
            "azurerm_resource_group.indonesia",
            "azurerm_subnet.indonesia",
            "azurerm_virtual_network.indonesia"
          ]
        }
      ]
    },
    {
      "mode": "managed",
      "type": "azurerm_network_interface",
      "name": "kong",
      "provider": "provider[\"registry.terraform.io/hashicorp/azurerm\"]",
      "instances": [
        {
          "schema_version": 0,
          "attributes": {
            "accelerated_networking_enabled": false,
            "applied_dns_servers": [],
            "auxiliary_mode": "",
            "auxiliary_sku": "",
            "dns_servers": [],
            "edge_zone": "",
            "enable_accelerated_networking": false,
            "enable_ip_forwarding": false,
            "id": "/subscriptions/e08005f5-750a-4afc-9b45-14073f57a2f2/resourceGroups/co3404-jokes-eastasia/providers/Microsoft.Network/networkInterfaces/kong-nic",
            "internal_dns_name_label": "",
            "internal_domain_name_suffix": "u4julflinajubdtri250ujjmmh.hx.internal.cloudapp.net",
            "ip_configuration": [
              {
                "gateway_load_balancer_frontend_ip_configuration_id": "",
                "name": "internal",
                "primary": true,
                "private_ip_address": "10.0.1.10",
                "private_ip_address_allocation": "Static",
                "private_ip_address_version": "IPv4",
                "public_ip_address_id": "/subscriptions/e08005f5-750a-4afc-9b45-14073f57a2f2/resourceGroups/co3404-jokes-eastasia/providers/Microsoft.Network/publicIPAddresses/kong-pip",
                "subnet_id": "/subscriptions/e08005f5-750a-4afc-9b45-14073f57a2f2/resourceGroups/co3404-jokes-eastasia/providers/Microsoft.Network/virtualNetworks/jokes-vnet-eastasia/subnets/jokes-subnet-eastasia"
              }
            ],
            "ip_forwarding_enabled": false,
            "location": "eastasia",
            "mac_address": "",
            "name": "kong-nic",
            "private_ip_address": "10.0.1.10",
            "private_ip_addresses": [
              "10.0.1.10"
            ],
            "resource_group_name": "co3404-jokes-eastasia",
            "tags": null,
            "timeouts": null,
            "virtual_machine_id": ""
          },
          "sensitive_attributes": [],
          "identity_schema_version": 0,
          "private": "eyJlMmJmYjczMC1lY2FhLTExZTYtOGY4OC0zNDM2M2JjN2M0YzAiOnsiY3JlYXRlIjoxODAwMDAwMDAwMDAwLCJkZWxldGUiOjE4MDAwMDAwMDAwMDAsInJlYWQiOjMwMDAwMDAwMDAwMCwidXBkYXRlIjoxODAwMDAwMDAwMDAwfX0=",
          "dependencies": [
            "azurerm_public_ip.kong",
            "azurerm_resource_group.eastasia",
            "azurerm_subnet.eastasia",
            "azurerm_virtual_network.eastasia"
          ]
        }
      ]
    },
    {
      "mode": "managed",
      "type": "azurerm_network_interface_security_group_association",
      "name": "eastasia_vms",
      "provider": "provider[\"registry.terraform.io/hashicorp/azurerm\"]",
      "instances": [
        {
          "index_key": "joke",
          "schema_version": 0,
          "attributes": {
            "id": "/subscriptions/e08005f5-750a-4afc-9b45-14073f57a2f2/resourceGroups/co3404-jokes-eastasia/providers/Microsoft.Network/networkInterfaces/joke-nic|/subscriptions/e08005f5-750a-4afc-9b45-14073f57a2f2/resourceGroups/co3404-jokes-eastasia/providers/Microsoft.Network/networkSecurityGroups/jokes-nsg-eastasia",
            "network_interface_id": "/subscriptions/e08005f5-750a-4afc-9b45-14073f57a2f2/resourceGroups/co3404-jokes-eastasia/providers/Microsoft.Network/networkInterfaces/joke-nic",
            "network_security_group_id": "/subscriptions/e08005f5-750a-4afc-9b45-14073f57a2f2/resourceGroups/co3404-jokes-eastasia/providers/Microsoft.Network/networkSecurityGroups/jokes-nsg-eastasia",
            "timeouts": null
          },
          "sensitive_attributes": [],
          "identity_schema_version": 0,
          "private": "eyJlMmJmYjczMC1lY2FhLTExZTYtOGY4OC0zNDM2M2JjN2M0YzAiOnsiY3JlYXRlIjoxODAwMDAwMDAwMDAwLCJkZWxldGUiOjE4MDAwMDAwMDAwMDAsInJlYWQiOjMwMDAwMDAwMDAwMH19",
          "dependencies": [
            "azurerm_network_interface.eastasia_vms",
            "azurerm_network_security_group.eastasia",
            "azurerm_public_ip.eastasia_vms",
            "azurerm_resource_group.eastasia",
            "azurerm_subnet.eastasia",
            "azurerm_virtual_network.eastasia"
          ]
        },
        {
          "index_key": "rabbitmq",
          "schema_version": 0,
          "attributes": {
            "id": "/subscriptions/e08005f5-750a-4afc-9b45-14073f57a2f2/resourceGroups/co3404-jokes-eastasia/providers/Microsoft.Network/networkInterfaces/rabbitmq-nic|/subscriptions/e08005f5-750a-4afc-9b45-14073f57a2f2/resourceGroups/co3404-jokes-eastasia/providers/Microsoft.Network/networkSecurityGroups/jokes-nsg-eastasia",
            "network_interface_id": "/subscriptions/e08005f5-750a-4afc-9b45-14073f57a2f2/resourceGroups/co3404-jokes-eastasia/providers/Microsoft.Network/networkInterfaces/rabbitmq-nic",
            "network_security_group_id": "/subscriptions/e08005f5-750a-4afc-9b45-14073f57a2f2/resourceGroups/co3404-jokes-eastasia/providers/Microsoft.Network/networkSecurityGroups/jokes-nsg-eastasia",
            "timeouts": null
          },
          "sensitive_attributes": [],
          "identity_schema_version": 0,
          "private": "eyJlMmJmYjczMC1lY2FhLTExZTYtOGY4OC0zNDM2M2JjN2M0YzAiOnsiY3JlYXRlIjoxODAwMDAwMDAwMDAwLCJkZWxldGUiOjE4MDAwMDAwMDAwMDAsInJlYWQiOjMwMDAwMDAwMDAwMH19",
          "dependencies": [
            "azurerm_network_interface.eastasia_vms",
            "azurerm_network_security_group.eastasia",
            "azurerm_public_ip.eastasia_vms",
            "azurerm_resource_group.eastasia",
            "azurerm_subnet.eastasia",
            "azurerm_virtual_network.eastasia"
          ]
        }
      ]
    },
    {
      "mode": "managed",
      "type": "azurerm_network_interface_security_group_association",
      "name": "indonesia_vms",
      "provider": "provider[\"registry.terraform.io/hashicorp/azurerm\"]",
      "instances": [
        {
          "index_key": "moderate",
          "schema_version": 0,
          "attributes": {
            "id": "/subscriptions/e08005f5-750a-4afc-9b45-14073f57a2f2/resourceGroups/co3404-jokes-indonesia/providers/Microsoft.Network/networkInterfaces/moderate-nic|/subscriptions/e08005f5-750a-4afc-9b45-14073f57a2f2/resourceGroups/co3404-jokes-indonesia/providers/Microsoft.Network/networkSecurityGroups/jokes-nsg-indonesia",
            "network_interface_id": "/subscriptions/e08005f5-750a-4afc-9b45-14073f57a2f2/resourceGroups/co3404-jokes-indonesia/providers/Microsoft.Network/networkInterfaces/moderate-nic",
            "network_security_group_id": "/subscriptions/e08005f5-750a-4afc-9b45-14073f57a2f2/resourceGroups/co3404-jokes-indonesia/providers/Microsoft.Network/networkSecurityGroups/jokes-nsg-indonesia",
            "timeouts": null
          },
          "sensitive_attributes": [],
          "identity_schema_version": 0,
          "private": "eyJlMmJmYjczMC1lY2FhLTExZTYtOGY4OC0zNDM2M2JjN2M0YzAiOnsiY3JlYXRlIjoxODAwMDAwMDAwMDAwLCJkZWxldGUiOjE4MDAwMDAwMDAwMDAsInJlYWQiOjMwMDAwMDAwMDAwMH19",
          "dependencies": [
            "azurerm_network_interface.indonesia_vms",
            "azurerm_network_security_group.indonesia",
            "azurerm_public_ip.indonesia_vms",
            "azurerm_resource_group.indonesia",
            "azurerm_subnet.indonesia",
            "azurerm_virtual_network.indonesia"
          ]
        },
        {
          "index_key": "submit",
          "schema_version": 0,
          "attributes": {
            "id": "/subscriptions/e08005f5-750a-4afc-9b45-14073f57a2f2/resourceGroups/co3404-jokes-indonesia/providers/Microsoft.Network/networkInterfaces/submit-nic|/subscriptions/e08005f5-750a-4afc-9b45-14073f57a2f2/resourceGroups/co3404-jokes-indonesia/providers/Microsoft.Network/networkSecurityGroups/jokes-nsg-indonesia",
            "network_interface_id": "/subscriptions/e08005f5-750a-4afc-9b45-14073f57a2f2/resourceGroups/co3404-jokes-indonesia/providers/Microsoft.Network/networkInterfaces/submit-nic",
            "network_security_group_id": "/subscriptions/e08005f5-750a-4afc-9b45-14073f57a2f2/resourceGroups/co3404-jokes-indonesia/providers/Microsoft.Network/networkSecurityGroups/jokes-nsg-indonesia",
            "timeouts": null
          },
          "sensitive_attributes": [],
          "identity_schema_version": 0,
          "private": "eyJlMmJmYjczMC1lY2FhLTExZTYtOGY4OC0zNDM2M2JjN2M0YzAiOnsiY3JlYXRlIjoxODAwMDAwMDAwMDAwLCJkZWxldGUiOjE4MDAwMDAwMDAwMDAsInJlYWQiOjMwMDAwMDAwMDAwMH19",
          "dependencies": [
            "azurerm_network_interface.indonesia_vms",
            "azurerm_network_security_group.indonesia",
            "azurerm_public_ip.indonesia_vms",
            "azurerm_resource_group.indonesia",
            "azurerm_subnet.indonesia",
            "azurerm_virtual_network.indonesia"
          ]
        }
      ]
    },
    {
      "mode": "managed",
      "type": "azurerm_network_interface_security_group_association",
      "name": "kong",
      "provider": "provider[\"registry.terraform.io/hashicorp/azurerm\"]",
      "instances": [
        {
          "schema_version": 0,
          "attributes": {
            "id": "/subscriptions/e08005f5-750a-4afc-9b45-14073f57a2f2/resourceGroups/co3404-jokes-eastasia/providers/Microsoft.Network/networkInterfaces/kong-nic|/subscriptions/e08005f5-750a-4afc-9b45-14073f57a2f2/resourceGroups/co3404-jokes-eastasia/providers/Microsoft.Network/networkSecurityGroups/jokes-nsg-eastasia",
            "network_interface_id": "/subscriptions/e08005f5-750a-4afc-9b45-14073f57a2f2/resourceGroups/co3404-jokes-eastasia/providers/Microsoft.Network/networkInterfaces/kong-nic",
            "network_security_group_id": "/subscriptions/e08005f5-750a-4afc-9b45-14073f57a2f2/resourceGroups/co3404-jokes-eastasia/providers/Microsoft.Network/networkSecurityGroups/jokes-nsg-eastasia",
            "timeouts": null
          },
          "sensitive_attributes": [],
          "identity_schema_version": 0,
          "private": "eyJlMmJmYjczMC1lY2FhLTExZTYtOGY4OC0zNDM2M2JjN2M0YzAiOnsiY3JlYXRlIjoxODAwMDAwMDAwMDAwLCJkZWxldGUiOjE4MDAwMDAwMDAwMDAsInJlYWQiOjMwMDAwMDAwMDAwMH19",
          "dependencies": [
            "azurerm_network_interface.kong",
            "azurerm_network_security_group.eastasia",
            "azurerm_public_ip.kong",
            "azurerm_resource_group.eastasia",
            "azurerm_subnet.eastasia",
            "azurerm_virtual_network.eastasia"
          ]
        }
      ]
    },
    {
      "mode": "managed",
      "type": "azurerm_network_security_group",
      "name": "eastasia",
      "provider": "provider[\"registry.terraform.io/hashicorp/azurerm\"]",
      "instances": [
        {
          "schema_version": 0,
          "attributes": {
            "id": "/subscriptions/e08005f5-750a-4afc-9b45-14073f57a2f2/resourceGroups/co3404-jokes-eastasia/providers/Microsoft.Network/networkSecurityGroups/jokes-nsg-eastasia",
            "location": "eastasia",
            "name": "jokes-nsg-eastasia",
            "resource_group_name": "co3404-jokes-eastasia",
            "security_rule": [
              {
                "access": "Allow",
                "description": "",
                "destination_address_prefix": "*",
                "destination_address_prefixes": [],
                "destination_application_security_group_ids": [],
                "destination_port_range": "15672",
                "destination_port_ranges": [],
                "direction": "Inbound",
                "name": "AllowRabbitMQMgmt",
                "priority": 1006,
                "protocol": "Tcp",
                "source_address_prefix": "*",
                "source_address_prefixes": [],
                "source_application_security_group_ids": [],
                "source_port_range": "*",
                "source_port_ranges": []
              },
              {
                "access": "Allow",
                "description": "",
                "destination_address_prefix": "*",
                "destination_address_prefixes": [],
                "destination_application_security_group_ids": [],
                "destination_port_range": "22",
                "destination_port_ranges": [],
                "direction": "Inbound",
                "name": "SSH",
                "priority": 1001,
                "protocol": "Tcp",
                "source_address_prefix": "*",
                "source_address_prefixes": [],
                "source_application_security_group_ids": [],
                "source_port_range": "*",
                "source_port_ranges": []
              },
              {
                "access": "Allow",
                "description": "",
                "destination_address_prefix": "*",
                "destination_address_prefixes": [],
                "destination_application_security_group_ids": [],
                "destination_port_range": "3000-5672",
                "destination_port_ranges": [],
                "direction": "Inbound",
                "name": "AllowServicePorts",
                "priority": 1005,
                "protocol": "Tcp",
                "source_address_prefix": "*",
                "source_address_prefixes": [],
                "source_application_security_group_ids": [],
                "source_port_range": "*",
                "source_port_ranges": []
              },
              {
                "access": "Allow",
                "description": "",
                "destination_address_prefix": "*",
                "destination_address_prefixes": [],
                "destination_application_security_group_ids": [],
                "destination_port_range": "443",
                "destination_port_ranges": [],
                "direction": "Inbound",
                "name": "HTTPS",
                "priority": 1003,
                "protocol": "Tcp",
                "source_address_prefix": "*",
                "source_address_prefixes": [],
                "source_application_security_group_ids": [],
                "source_port_range": "*",
                "source_port_ranges": []
              },
              {
                "access": "Allow",
                "description": "",
                "destination_address_prefix": "*",
                "destination_address_prefixes": [],
                "destination_application_security_group_ids": [],
                "destination_port_range": "80",
                "destination_port_ranges": [],
                "direction": "Inbound",
                "name": "HTTP",
                "priority": 1002,
                "protocol": "Tcp",
                "source_address_prefix": "*",
                "source_address_prefixes": [],
                "source_application_security_group_ids": [],
                "source_port_range": "*",
                "source_port_ranges": []
              },
              {
                "access": "Allow",
                "description": "",
                "destination_address_prefix": "VirtualNetwork",
                "destination_address_prefixes": [],
                "destination_application_security_group_ids": [],
                "destination_port_range": "*",
                "destination_port_ranges": [],
                "direction": "Inbound",
                "name": "AllowVNetInbound",
                "priority": 1004,
                "protocol": "*",
                "source_address_prefix": "VirtualNetwork",
                "source_address_prefixes": [],
                "source_application_security_group_ids": [],
                "source_port_range": "*",
                "source_port_ranges": []
              }
            ],
            "tags": null,
            "timeouts": null
          },
          "sensitive_attributes": [],
          "identity_schema_version": 0,
          "private": "eyJlMmJmYjczMC1lY2FhLTExZTYtOGY4OC0zNDM2M2JjN2M0YzAiOnsiY3JlYXRlIjoxODAwMDAwMDAwMDAwLCJkZWxldGUiOjE4MDAwMDAwMDAwMDAsInJlYWQiOjMwMDAwMDAwMDAwMCwidXBkYXRlIjoxODAwMDAwMDAwMDAwfX0=",
          "dependencies": [
            "azurerm_resource_group.eastasia"
          ]
        }
      ]
    },
    {
      "mode": "managed",
      "type": "azurerm_network_security_group",
      "name": "indonesia",
      "provider": "provider[\"registry.terraform.io/hashicorp/azurerm\"]",
      "instances": [
        {
          "schema_version": 0,
          "attributes": {
            "id": "/subscriptions/e08005f5-750a-4afc-9b45-14073f57a2f2/resourceGroups/co3404-jokes-indonesia/providers/Microsoft.Network/networkSecurityGroups/jokes-nsg-indonesia",
            "location": "indonesiacentral",
            "name": "jokes-nsg-indonesia",
            "resource_group_name": "co3404-jokes-indonesia",
            "security_rule": [
              {
                "access": "Allow",
                "description": "",
                "destination_address_prefix": "*",
                "destination_address_prefixes": [],
                "destination_application_security_group_ids": [],
                "destination_port_range": "15672",
                "destination_port_ranges": [],
                "direction": "Inbound",
                "name": "AllowRabbitMQMgmt",
                "priority": 1006,
                "protocol": "Tcp",
                "source_address_prefix": "*",
                "source_address_prefixes": [],
                "source_application_security_group_ids": [],
                "source_port_range": "*",
                "source_port_ranges": []
              },
              {
                "access": "Allow",
                "description": "",
                "destination_address_prefix": "*",
                "destination_address_prefixes": [],
                "destination_application_security_group_ids": [],
                "destination_port_range": "22",
                "destination_port_ranges": [],
                "direction": "Inbound",
                "name": "SSH",
                "priority": 1001,
                "protocol": "Tcp",
                "source_address_prefix": "*",
                "source_address_prefixes": [],
                "source_application_security_group_ids": [],
                "source_port_range": "*",
                "source_port_ranges": []
              },
              {
                "access": "Allow",
                "description": "",
                "destination_address_prefix": "*",
                "destination_address_prefixes": [],
                "destination_application_security_group_ids": [],
                "destination_port_range": "3000-5672",
                "destination_port_ranges": [],
                "direction": "Inbound",
                "name": "AllowServicePorts",
                "priority": 1005,
                "protocol": "Tcp",
                "source_address_prefix": "*",
                "source_address_prefixes": [],
                "source_application_security_group_ids": [],
                "source_port_range": "*",
                "source_port_ranges": []
              },
              {
                "access": "Allow",
                "description": "",
                "destination_address_prefix": "*",
                "destination_address_prefixes": [],
                "destination_application_security_group_ids": [],
                "destination_port_range": "443",
                "destination_port_ranges": [],
                "direction": "Inbound",
                "name": "HTTPS",
                "priority": 1003,
                "protocol": "Tcp",
                "source_address_prefix": "*",
                "source_address_prefixes": [],
                "source_application_security_group_ids": [],
                "source_port_range": "*",
                "source_port_ranges": []
              },
              {
                "access": "Allow",
                "description": "",
                "destination_address_prefix": "*",
                "destination_address_prefixes": [],
                "destination_application_security_group_ids": [],
                "destination_port_range": "80",
                "destination_port_ranges": [],
                "direction": "Inbound",
                "name": "HTTP",
                "priority": 1002,
                "protocol": "Tcp",
                "source_address_prefix": "*",
                "source_address_prefixes": [],
                "source_application_security_group_ids": [],
                "source_port_range": "*",
                "source_port_ranges": []
              },
              {
                "access": "Allow",
                "description": "",
                "destination_address_prefix": "VirtualNetwork",
                "destination_address_prefixes": [],
                "destination_application_security_group_ids": [],
                "destination_port_range": "*",
                "destination_port_ranges": [],
                "direction": "Inbound",
                "name": "AllowVNetInbound",
                "priority": 1004,
                "protocol": "*",
                "source_address_prefix": "VirtualNetwork",
                "source_address_prefixes": [],
                "source_application_security_group_ids": [],
                "source_port_range": "*",
                "source_port_ranges": []
              }
            ],
            "tags": null,
            "timeouts": null
          },
          "sensitive_attributes": [],
          "identity_schema_version": 0,
          "private": "eyJlMmJmYjczMC1lY2FhLTExZTYtOGY4OC0zNDM2M2JjN2M0YzAiOnsiY3JlYXRlIjoxODAwMDAwMDAwMDAwLCJkZWxldGUiOjE4MDAwMDAwMDAwMDAsInJlYWQiOjMwMDAwMDAwMDAwMCwidXBkYXRlIjoxODAwMDAwMDAwMDAwfX0=",
          "dependencies": [
            "azurerm_resource_group.indonesia"
          ]
        }
      ]
    },
    {
      "mode": "managed",
      "type": "azurerm_public_ip",
      "name": "eastasia_vms",
      "provider": "provider[\"registry.terraform.io/hashicorp/azurerm\"]",
      "instances": [
        {
          "index_key": "joke",
          "schema_version": 0,
          "attributes": {
            "allocation_method": "Static",
            "ddos_protection_mode": "VirtualNetworkInherited",
            "ddos_protection_plan_id": null,
            "domain_name_label": null,
            "edge_zone": "",
            "fqdn": null,
            "id": "/subscriptions/e08005f5-750a-4afc-9b45-14073f57a2f2/resourceGroups/co3404-jokes-eastasia/providers/Microsoft.Network/publicIPAddresses/joke-pip",
            "idle_timeout_in_minutes": 4,
            "ip_address": "40.83.74.64",
            "ip_tags": null,
            "ip_version": "IPv4",
            "location": "eastasia",
            "name": "joke-pip",
            "public_ip_prefix_id": null,
            "resource_group_name": "co3404-jokes-eastasia",
            "reverse_fqdn": null,
            "sku": "Standard",
            "sku_tier": "Regional",
            "tags": null,
            "timeouts": null,
            "zones": null
          },
          "sensitive_attributes": [],
          "identity_schema_version": 0,
          "private": "eyJlMmJmYjczMC1lY2FhLTExZTYtOGY4OC0zNDM2M2JjN2M0YzAiOnsiY3JlYXRlIjoxODAwMDAwMDAwMDAwLCJkZWxldGUiOjE4MDAwMDAwMDAwMDAsInJlYWQiOjMwMDAwMDAwMDAwMCwidXBkYXRlIjoxODAwMDAwMDAwMDAwfX0=",
          "dependencies": [
            "azurerm_resource_group.eastasia"
          ]
        },
        {
          "index_key": "rabbitmq",
          "schema_version": 0,
          "attributes": {
            "allocation_method": "Static",
            "ddos_protection_mode": "VirtualNetworkInherited",
            "ddos_protection_plan_id": null,
            "domain_name_label": null,
            "edge_zone": "",
            "fqdn": null,
            "id": "/subscriptions/e08005f5-750a-4afc-9b45-14073f57a2f2/resourceGroups/co3404-jokes-eastasia/providers/Microsoft.Network/publicIPAddresses/rabbitmq-pip",
            "idle_timeout_in_minutes": 4,
            "ip_address": "20.24.195.5",
            "ip_tags": null,
            "ip_version": "IPv4",
            "location": "eastasia",
            "name": "rabbitmq-pip",
            "public_ip_prefix_id": null,
            "resource_group_name": "co3404-jokes-eastasia",
            "reverse_fqdn": null,
            "sku": "Standard",
            "sku_tier": "Regional",
            "tags": null,
            "timeouts": null,
            "zones": null
          },
          "sensitive_attributes": [],
          "identity_schema_version": 0,
          "private": "eyJlMmJmYjczMC1lY2FhLTExZTYtOGY4OC0zNDM2M2JjN2M0YzAiOnsiY3JlYXRlIjoxODAwMDAwMDAwMDAwLCJkZWxldGUiOjE4MDAwMDAwMDAwMDAsInJlYWQiOjMwMDAwMDAwMDAwMCwidXBkYXRlIjoxODAwMDAwMDAwMDAwfX0=",
          "dependencies": [
            "azurerm_resource_group.eastasia"
          ]
        }
      ]
    },
    {
      "mode": "managed",
      "type": "azurerm_public_ip",
      "name": "indonesia_vms",
      "provider": "provider[\"registry.terraform.io/hashicorp/azurerm\"]",
      "instances": [
        {
          "index_key": "moderate",
          "schema_version": 0,
          "attributes": {
            "allocation_method": "Static",
            "ddos_protection_mode": "VirtualNetworkInherited",
            "ddos_protection_plan_id": null,
            "domain_name_label": null,
            "edge_zone": "",
            "fqdn": null,
            "id": "/subscriptions/e08005f5-750a-4afc-9b45-14073f57a2f2/resourceGroups/co3404-jokes-indonesia/providers/Microsoft.Network/publicIPAddresses/moderate-pip",
            "idle_timeout_in_minutes": 4,
            "ip_address": "48.193.42.232",
            "ip_tags": null,
            "ip_version": "IPv4",
            "location": "indonesiacentral",
            "name": "moderate-pip",
            "public_ip_prefix_id": null,
            "resource_group_name": "co3404-jokes-indonesia",
            "reverse_fqdn": null,
            "sku": "Standard",
            "sku_tier": "Regional",
            "tags": null,
            "timeouts": null,
            "zones": null
          },
          "sensitive_attributes": [],
          "identity_schema_version": 0,
          "private": "eyJlMmJmYjczMC1lY2FhLTExZTYtOGY4OC0zNDM2M2JjN2M0YzAiOnsiY3JlYXRlIjoxODAwMDAwMDAwMDAwLCJkZWxldGUiOjE4MDAwMDAwMDAwMDAsInJlYWQiOjMwMDAwMDAwMDAwMCwidXBkYXRlIjoxODAwMDAwMDAwMDAwfX0=",
          "dependencies": [
            "azurerm_resource_group.indonesia"
          ]
        },
        {
          "index_key": "submit",
          "schema_version": 0,
          "attributes": {
            "allocation_method": "Static",
            "ddos_protection_mode": "VirtualNetworkInherited",
            "ddos_protection_plan_id": null,
            "domain_name_label": null,
            "edge_zone": "",
            "fqdn": null,
            "id": "/subscriptions/e08005f5-750a-4afc-9b45-14073f57a2f2/resourceGroups/co3404-jokes-indonesia/providers/Microsoft.Network/publicIPAddresses/submit-pip",
            "idle_timeout_in_minutes": 4,
            "ip_address": "70.153.147.116",
            "ip_tags": null,
            "ip_version": "IPv4",
            "location": "indonesiacentral",
            "name": "submit-pip",
            "public_ip_prefix_id": null,
            "resource_group_name": "co3404-jokes-indonesia",
            "reverse_fqdn": null,
            "sku": "Standard",
            "sku_tier": "Regional",
            "tags": null,
            "timeouts": null,
            "zones": null
          },
          "sensitive_attributes": [],
          "identity_schema_version": 0,
          "private": "eyJlMmJmYjczMC1lY2FhLTExZTYtOGY4OC0zNDM2M2JjN2M0YzAiOnsiY3JlYXRlIjoxODAwMDAwMDAwMDAwLCJkZWxldGUiOjE4MDAwMDAwMDAwMDAsInJlYWQiOjMwMDAwMDAwMDAwMCwidXBkYXRlIjoxODAwMDAwMDAwMDAwfX0=",
          "dependencies": [
            "azurerm_resource_group.indonesia"
          ]
        }
      ]
    },
    {
      "mode": "managed",
      "type": "azurerm_public_ip",
      "name": "kong",
      "provider": "provider[\"registry.terraform.io/hashicorp/azurerm\"]",
      "instances": [
        {
          "schema_version": 0,
          "attributes": {
            "allocation_method": "Static",
            "ddos_protection_mode": "VirtualNetworkInherited",
            "ddos_protection_plan_id": null,
            "domain_name_label": null,
            "edge_zone": "",
            "fqdn": null,
            "id": "/subscriptions/e08005f5-750a-4afc-9b45-14073f57a2f2/resourceGroups/co3404-jokes-eastasia/providers/Microsoft.Network/publicIPAddresses/kong-pip",
            "idle_timeout_in_minutes": 4,
            "ip_address": "20.239.48.46",
            "ip_tags": null,
            "ip_version": "IPv4",
            "location": "eastasia",
            "name": "kong-pip",
            "public_ip_prefix_id": null,
            "resource_group_name": "co3404-jokes-eastasia",
            "reverse_fqdn": null,
            "sku": "Standard",
            "sku_tier": "Regional",
            "tags": null,
            "timeouts": null,
            "zones": null
          },
          "sensitive_attributes": [],
          "identity_schema_version": 0,
          "private": "eyJlMmJmYjczMC1lY2FhLTExZTYtOGY4OC0zNDM2M2JjN2M0YzAiOnsiY3JlYXRlIjoxODAwMDAwMDAwMDAwLCJkZWxldGUiOjE4MDAwMDAwMDAwMDAsInJlYWQiOjMwMDAwMDAwMDAwMCwidXBkYXRlIjoxODAwMDAwMDAwMDAwfX0=",
          "dependencies": [
            "azurerm_resource_group.eastasia"
          ]
        }
      ]
    },
    {
      "mode": "managed",
      "type": "azurerm_resource_group",
      "name": "eastasia",
      "provider": "provider[\"registry.terraform.io/hashicorp/azurerm\"]",
      "instances": [
        {
          "schema_version": 0,
          "attributes": {
            "id": "/subscriptions/e08005f5-750a-4afc-9b45-14073f57a2f2/resourceGroups/co3404-jokes-eastasia",
            "location": "eastasia",
            "managed_by": "",
            "name": "co3404-jokes-eastasia",
            "tags": null,
            "timeouts": null
          },
          "sensitive_attributes": [],
          "identity_schema_version": 0,
          "private": "eyJlMmJmYjczMC1lY2FhLTExZTYtOGY4OC0zNDM2M2JjN2M0YzAiOnsiY3JlYXRlIjo1NDAwMDAwMDAwMDAwLCJkZWxldGUiOjU0MDAwMDAwMDAwMDAsInJlYWQiOjMwMDAwMDAwMDAwMCwidXBkYXRlIjo1NDAwMDAwMDAwMDAwfX0="
        }
      ]
    },
    {
      "mode": "managed",
      "type": "azurerm_resource_group",
      "name": "indonesia",
      "provider": "provider[\"registry.terraform.io/hashicorp/azurerm\"]",
      "instances": [
        {
          "schema_version": 0,
          "attributes": {
            "id": "/subscriptions/e08005f5-750a-4afc-9b45-14073f57a2f2/resourceGroups/co3404-jokes-indonesia",
            "location": "indonesiacentral",
            "managed_by": "",
            "name": "co3404-jokes-indonesia",
            "tags": null,
            "timeouts": null
          },
          "sensitive_attributes": [],
          "identity_schema_version": 0,
          "private": "eyJlMmJmYjczMC1lY2FhLTExZTYtOGY4OC0zNDM2M2JjN2M0YzAiOnsiY3JlYXRlIjo1NDAwMDAwMDAwMDAwLCJkZWxldGUiOjU0MDAwMDAwMDAwMDAsInJlYWQiOjMwMDAwMDAwMDAwMCwidXBkYXRlIjo1NDAwMDAwMDAwMDAwfX0="
        }
      ]
    },
    {
      "mode": "managed",
      "type": "azurerm_subnet",
      "name": "eastasia",
      "provider": "provider[\"registry.terraform.io/hashicorp/azurerm\"]",
      "instances": [
        {
          "schema_version": 0,
          "attributes": {
            "address_prefixes": [
              "10.0.1.0/24"
            ],
            "default_outbound_access_enabled": true,
            "delegation": [],
            "enforce_private_link_endpoint_network_policies": false,
            "enforce_private_link_service_network_policies": false,
            "id": "/subscriptions/e08005f5-750a-4afc-9b45-14073f57a2f2/resourceGroups/co3404-jokes-eastasia/providers/Microsoft.Network/virtualNetworks/jokes-vnet-eastasia/subnets/jokes-subnet-eastasia",
            "name": "jokes-subnet-eastasia",
            "private_endpoint_network_policies": "Enabled",
            "private_endpoint_network_policies_enabled": true,
            "private_link_service_network_policies_enabled": true,
            "resource_group_name": "co3404-jokes-eastasia",
            "service_endpoint_policy_ids": null,
            "service_endpoints": null,
            "timeouts": null,
            "virtual_network_name": "jokes-vnet-eastasia"
          },
          "sensitive_attributes": [],
          "identity_schema_version": 0,
          "private": "eyJlMmJmYjczMC1lY2FhLTExZTYtOGY4OC0zNDM2M2JjN2M0YzAiOnsiY3JlYXRlIjoxODAwMDAwMDAwMDAwLCJkZWxldGUiOjE4MDAwMDAwMDAwMDAsInJlYWQiOjMwMDAwMDAwMDAwMCwidXBkYXRlIjoxODAwMDAwMDAwMDAwfX0=",
          "dependencies": [
            "azurerm_resource_group.eastasia",
            "azurerm_virtual_network.eastasia"
          ]
        }
      ]
    },
    {
      "mode": "managed",
      "type": "azurerm_subnet",
      "name": "indonesia",
      "provider": "provider[\"registry.terraform.io/hashicorp/azurerm\"]",
      "instances": [
        {
          "schema_version": 0,
          "attributes": {
            "address_prefixes": [
              "10.1.1.0/24"
            ],
            "default_outbound_access_enabled": true,
            "delegation": [],
            "enforce_private_link_endpoint_network_policies": false,
            "enforce_private_link_service_network_policies": false,
            "id": "/subscriptions/e08005f5-750a-4afc-9b45-14073f57a2f2/resourceGroups/co3404-jokes-indonesia/providers/Microsoft.Network/virtualNetworks/jokes-vnet-indonesia/subnets/jokes-subnet-indonesia",
            "name": "jokes-subnet-indonesia",
            "private_endpoint_network_policies": "Enabled",
            "private_endpoint_network_policies_enabled": true,
            "private_link_service_network_policies_enabled": true,
            "resource_group_name": "co3404-jokes-indonesia",
            "service_endpoint_policy_ids": null,
            "service_endpoints": null,
            "timeouts": null,
            "virtual_network_name": "jokes-vnet-indonesia"
          },
          "sensitive_attributes": [],
          "identity_schema_version": 0,
          "private": "eyJlMmJmYjczMC1lY2FhLTExZTYtOGY4OC0zNDM2M2JjN2M0YzAiOnsiY3JlYXRlIjoxODAwMDAwMDAwMDAwLCJkZWxldGUiOjE4MDAwMDAwMDAwMDAsInJlYWQiOjMwMDAwMDAwMDAwMCwidXBkYXRlIjoxODAwMDAwMDAwMDAwfX0=",
          "dependencies": [
            "azurerm_resource_group.indonesia",
            "azurerm_virtual_network.indonesia"
          ]
        }
      ]
    },
    {
      "mode": "managed",
      "type": "azurerm_virtual_network",
      "name": "eastasia",
      "provider": "provider[\"registry.terraform.io/hashicorp/azurerm\"]",
      "instances": [
        {
          "schema_version": 0,
          "attributes": {
            "address_space": [
              "10.0.0.0/16"
            ],
            "bgp_community": "",
            "ddos_protection_plan": [],
            "dns_servers": [],
            "edge_zone": "",
            "encryption": [],
            "flow_timeout_in_minutes": 0,
            "guid": "954593a7-6868-4013-8e71-473faa252c67",
            "id": "/subscriptions/e08005f5-750a-4afc-9b45-14073f57a2f2/resourceGroups/co3404-jokes-eastasia/providers/Microsoft.Network/virtualNetworks/jokes-vnet-eastasia",
            "location": "eastasia",
            "name": "jokes-vnet-eastasia",
            "resource_group_name": "co3404-jokes-eastasia",
            "subnet": [],
            "tags": null,
            "timeouts": null
          },
          "sensitive_attributes": [],
          "identity_schema_version": 0,
          "private": "eyJlMmJmYjczMC1lY2FhLTExZTYtOGY4OC0zNDM2M2JjN2M0YzAiOnsiY3JlYXRlIjoxODAwMDAwMDAwMDAwLCJkZWxldGUiOjE4MDAwMDAwMDAwMDAsInJlYWQiOjMwMDAwMDAwMDAwMCwidXBkYXRlIjoxODAwMDAwMDAwMDAwfX0=",
          "dependencies": [
            "azurerm_resource_group.eastasia"
          ]
        }
      ]
    },
    {
      "mode": "managed",
      "type": "azurerm_virtual_network",
      "name": "indonesia",
      "provider": "provider[\"registry.terraform.io/hashicorp/azurerm\"]",
      "instances": [
        {
          "schema_version": 0,
          "attributes": {
            "address_space": [
              "10.1.0.0/16"
            ],
            "bgp_community": "",
            "ddos_protection_plan": [],
            "dns_servers": [],
            "edge_zone": "",
            "encryption": [],
            "flow_timeout_in_minutes": 0,
            "guid": "354e5ecc-2303-401b-a0e6-e701f558571f",
            "id": "/subscriptions/e08005f5-750a-4afc-9b45-14073f57a2f2/resourceGroups/co3404-jokes-indonesia/providers/Microsoft.Network/virtualNetworks/jokes-vnet-indonesia",
            "location": "indonesiacentral",
            "name": "jokes-vnet-indonesia",
            "resource_group_name": "co3404-jokes-indonesia",
            "subnet": [],
            "tags": null,
            "timeouts": null
          },
          "sensitive_attributes": [],
          "identity_schema_version": 0,
          "private": "eyJlMmJmYjczMC1lY2FhLTExZTYtOGY4OC0zNDM2M2JjN2M0YzAiOnsiY3JlYXRlIjoxODAwMDAwMDAwMDAwLCJkZWxldGUiOjE4MDAwMDAwMDAwMDAsInJlYWQiOjMwMDAwMDAwMDAwMCwidXBkYXRlIjoxODAwMDAwMDAwMDAwfX0=",
          "dependencies": [
            "azurerm_resource_group.indonesia"
          ]
        }
      ]
    },
    {
      "mode": "managed",
      "type": "local_file",
      "name": "ssh_key",
      "provider": "provider[\"registry.terraform.io/hashicorp/local\"]",
      "instances": [
        {
          "schema_version": 0,
          "attributes": {
            "content": "-----BEGIN RSA PRIVATE KEY-----\nMIIJKgIBAAKCAgEAwb1g5rzqiGSZGqmyGfshKMTD2LEnfaNiGmlwr+Xb1CyZqKS6\nLS2gmS7DFgPzrBGVoNHJJ3cmxbZWrfDtUtEVe4I5g4ET+BUgW1XfKeqoW5BvvCTl\n0GpUNZY944A7HEytS9lACRzeJBlrWyJbH8zrLsENqQatqnS5ywtZ9D6bhSzCwEiW\n4wD4nfRNE65pOCTPRLVMoX7umVWMAep33yCrj/N2tPAH+1M86Jts5ixsOxJeLSg6\n/TQ7RrLAc8tFNSjU79AC/davK2HEpW1QzYowGlWFx+wiGARlhqsEfyVHzmFlHbS5\nD5Te2iW4slrpKwUuE0ZlSHDEhPQLFwDfuMVFChmTNFRtYITlsVKdwflsXO2Pz2/T\nRUtfyZbZKhLwX1hjqNwDkBVO2kTuKdeXZhEl+Cfx4483HhT0NLtAj1BOZRZNvHm9\nczAJnmFdzgKRVgVkSL+yO067YrHNdPU96JzgjBXDSMY8t6GEbFyGiaBWf/1Uy0Kc\nYdtT8gNMgs4hPPaE9LZThX2T7fF6vuDIPwE/981/tHOPp7/mYL/0Mik0aHXLc4nv\nzfl3hvgRKDaMaLHz8IBkmNNoCjgQxEBEEfrcicZExA8lGs+nvRZ/dNAniyT3JRsx\nre2agCBdRkPhMzy/SDUjS5tDZlmc0JwYVXrcEZPVjq8xDnvAOuX2XYW08ZUCAwEA\nAQKCAgAlnPI4qbmw1DMDQanRsHc+FoFdSvt7QWKU9R6LD8mvdh845g49IiwZQUJf\nvlGq+Nj/WWs/rbrJzL4kU++HUg9lJKGs3bz2P4fCI7hJR4T7Dd4bfWBep54Er1AB\noI4ZTuugG6P6gO/Bu2ujzFY7pMmOEK3pwGGsA7BkcqY6rIL+BnQi55TfqnsaE2l5\nZjWIUGErGjWv7tg8zaZ6Yr52A747Gs3Tj/xEt2LOWAp632n9x/Gfu71EFkVh0udZ\nM8ASc4RvsIc8J9dnSTpn0YLL/MWc/ziTWU0/M29Qh1g+pQq9TxxV+ZWqKEFhwcwL\nWGoHT6Cj3llgiIAmvch/ZUyJ70aZOmdsWdkBcQuW8M9iQ1CAxW1t+jyAyPVbyEaD\nDGlMaHfxADBAN35K1YwlMP3ABI2B5P2wgH0uncqd+dglvNAHKOSxA8cXyTFkjzhH\nRKqDIDangpt8fJc0slups4Stlh44vVwavMca5OX/RDKx1GEN4sq5Z9VS2hw+YaSw\nEMHE7tcvoZaEYwCtQikIdXx9fiPexDeB3wJR0bgllnVequb88J5VS4LZNB6t3lwT\nRcHYO7SZSL3Eqnd2U0HyQN3CW3naSA4iR9eXLFKB9rDOiOnOFt14h/7/D+u+lNnC\nxHSIEEAdwH6nSXW6QP3uFYTnwKpP+1WQ6d54503/Kv3qpvp+kQKCAQEA31Yw8H3c\nHn+fQAkylU/KNIKSKhd8wfIyToMa5+MDSOtS50oCU1bqVTGtcMk5h+adcL+HrYZO\nhiTKcsypTwHmFHFoXHyYZxviPJfSUR/jqtZlujpGrOZ92YcvWHIhahYCAeASYhiP\n6vH/D/ejCo+zaILBccA7P90oh1xOB8GJpuuYdb+3IpoLp9I1n0/fw43xcv7YOt4Z\n1lssM3xRYZIR5fUvMxI94aZfbkFcvtl0D5fEKpJaXo3WW6SDcQhzQ97zYOrKmsQ6\nFZDQ7PqTgCfGiPW4mjmHDMD9X1xgiROvFYy5+hltes38Z6r6eTiASAm/stZrCU+R\nKydlOwQx+pAtjQKCAQEA3hMRRJTCTIYAcG9Lw04jPOpxeynKVp8fRcuLgLecWWzR\nSlyR5cW15IzBgwuZ1VJWwIAp//peSAhUeTOc1Bp3ua6oTt4iIrYwGryTw1rGffhm\nHqEHeSUEXKYAvLqxpMa4KVbARH7IiMU6Lfx8MA0ImmbQRVJIeyYim+sFX2lqKVuu\nq1pAqw2tUHu52IORwqSJO+eu2ZdkM8SfTfxWURzX7ED8ixhCZjpdDB8i50ss8JIi\nypkf2+Ah1sN7+hQmTOmSnXqFsXdSWQQIrbvdPmg7d2Kv7Wq8Sv93sihuaYqJGNaL\nruSRsp81mQy5xIfckjhtWaL+WzyrQ4+j5opbVMu+KQKCAQEAvrGDe/SbPFdQDIdN\n73t/dbJ/Rv1jAt7f4XXERXbqWRrFYMMqlSpDT5bpNsI6IzXf/GMtYBareZJ0Ye0q\nK1G9uHrU1xNztaZzV7VyWN5XsIj7tzUHH552moP5AxYAPeqosB041RWP3NXgKSwS\nxHPKhlQPBCdU78TQVDOWVL0F4caMGQ4nOp45kYPFUVAMCZdrL/s1eZ4mhYa3iQZ/\nHkZwjd75/Ct5NvCtzyB0JmjZ1m6JiqgIDXAiNYGU0bCbaro1KO2RLPCbf8p0+cNC\nqkxMEqlshBLWoyctsHzZ2HE8L7RHH6sSdabn+0RcNaDut5PLYNH/9qU/mI88ulVs\nrzroCQKCAQEAnJL3BtKXl5qXLq7ZzQ8He0iU0FCrr50rUGttpUhPvSEjAvn3h/h5\nAXZYbcu9H5GZRspWUnu1A7aT0IyaU1WB+nHxiwHFMZIgook46XDUKDb90TSZ70kx\nJR2JwYcj/th5OfRHRUPaocvk9E1jRgG6ghphV67nGaTOm/39YMMTLavNoFTW6YOQ\nIgHKC6TgHUsi0xDLz/CUnodQBo0WUsQyXQmIxY1KK4eU2RoO4uK3AbsXOp7xvnXt\nhd14SN7yDiJU1CFxp6lIbyiP8eZV3E1jOA5lmdA6h+pM+1jUWCdr+A40mA/hxf3I\nrWsygyWDV7jfKGbqTWueGNlqpv3/3O512QKCAQEAyKH2Kz4LxcDkNjRoVDUwj3Yc\nxDuPMLtQDZBcPmS3zNpYtOOv+fcGoJqA8tGtNyNeI6yLaUVTMQRZk22tjf1wOQva\nQYLzO5n6JBfN4g2jZnOhNraqmtKj9hP72IgiA1uUHFeFnDbjzoURVMXpLNfp86z1\nks5BiivxDBLfaOds66myI1kZV8XQwv32wDn4HqexDvvodAAYHacC1Wpw8Rm3NOiU\nnjCdk22VZqUfIzgaSq6o9+4YyX2JxRG1NSVqztiKsXFUB84APSLiEfApU8RpoCWt\np3RQakfKBIbKHnWHlnk26Vtuuz6Uq8LokILpxTQApR2Q2EzEzrgrCHcWJ2i5Hw==\n-----END RSA PRIVATE KEY-----\n",
            "content_base64": null,
            "content_base64sha256": "/xCgxl0RE/zUKjtTippkItRzVvtQX3VxQw3KpJXRsuQ=",
            "content_base64sha512": "SxOFH1WT76HTZnrfaon75eHEhRbmLYlwJ/zGy7kkGbctBrtnvGPea+yhy+mTi0t+HWwWzAiIIkOmbU6fEbn40w==",
            "content_md5": "9d9b3225133050ba47ca5e2cb3153d16",
            "content_sha1": "f61b69b7ffbe3c791a3b6a7a27574af4af8edcb4",
            "content_sha256": "ff10a0c65d1113fcd42a3b538a9a6422d47356fb505f7571430dcaa495d1b2e4",
            "content_sha512": "4b13851f5593efa1d3667adf6a89fbe5e1c48516e62d897027fcc6cbb92419b72d06bb67bc63de6beca1cbe9938b4b7e1d6c16cc08882243a66d4e9f11b9f8d3",
            "directory_permission": "0777",
            "file_permission": "0600",
            "filename": "./ssh_key.pem",
            "id": "f61b69b7ffbe3c791a3b6a7a27574af4af8edcb4",
            "sensitive_content": null,
            "source": null
          },
          "sensitive_attributes": [
            [
              {
                "type": "get_attr",
                "value": "content"
              }
            ],
            [
              {
                "type": "get_attr",
                "value": "sensitive_content"
              }
            ]
          ],
          "identity_schema_version": 0,
          "dependencies": [
            "tls_private_key.ssh"
          ]
        }
      ]
    },
    {
      "mode": "managed",
      "type": "tls_private_key",
      "name": "ssh",
      "provider": "provider[\"registry.terraform.io/hashicorp/tls\"]",
      "instances": [
        {
          "schema_version": 1,
          "attributes": {
            "algorithm": "RSA",
            "ecdsa_curve": "P224",
            "id": "4af65ddf35219daad0b90d7c23394569e254e2b1",
            "private_key_openssh": "-----BEGIN OPENSSH PRIVATE KEY-----\nb3BlbnNzaC1rZXktdjEAAAAABG5vbmUAAAAEbm9uZQAAAAAAAAABAAACFwAAAAdz\nc2gtcnNhAAAAAwEAAQAAAgEAwb1g5rzqiGSZGqmyGfshKMTD2LEnfaNiGmlwr+Xb\n1CyZqKS6LS2gmS7DFgPzrBGVoNHJJ3cmxbZWrfDtUtEVe4I5g4ET+BUgW1XfKeqo\nW5BvvCTl0GpUNZY944A7HEytS9lACRzeJBlrWyJbH8zrLsENqQatqnS5ywtZ9D6b\nhSzCwEiW4wD4nfRNE65pOCTPRLVMoX7umVWMAep33yCrj/N2tPAH+1M86Jts5ixs\nOxJeLSg6/TQ7RrLAc8tFNSjU79AC/davK2HEpW1QzYowGlWFx+wiGARlhqsEfyVH\nzmFlHbS5D5Te2iW4slrpKwUuE0ZlSHDEhPQLFwDfuMVFChmTNFRtYITlsVKdwfls\nXO2Pz2/TRUtfyZbZKhLwX1hjqNwDkBVO2kTuKdeXZhEl+Cfx4483HhT0NLtAj1BO\nZRZNvHm9czAJnmFdzgKRVgVkSL+yO067YrHNdPU96JzgjBXDSMY8t6GEbFyGiaBW\nf/1Uy0KcYdtT8gNMgs4hPPaE9LZThX2T7fF6vuDIPwE/981/tHOPp7/mYL/0Mik0\naHXLc4nvzfl3hvgRKDaMaLHz8IBkmNNoCjgQxEBEEfrcicZExA8lGs+nvRZ/dNAn\niyT3JRsxre2agCBdRkPhMzy/SDUjS5tDZlmc0JwYVXrcEZPVjq8xDnvAOuX2XYW0\n8ZUAAAc4fKNfRHyjX0QAAAAHc3NoLXJzYQAAAgEAwb1g5rzqiGSZGqmyGfshKMTD\n2LEnfaNiGmlwr+Xb1CyZqKS6LS2gmS7DFgPzrBGVoNHJJ3cmxbZWrfDtUtEVe4I5\ng4ET+BUgW1XfKeqoW5BvvCTl0GpUNZY944A7HEytS9lACRzeJBlrWyJbH8zrLsEN\nqQatqnS5ywtZ9D6bhSzCwEiW4wD4nfRNE65pOCTPRLVMoX7umVWMAep33yCrj/N2\ntPAH+1M86Jts5ixsOxJeLSg6/TQ7RrLAc8tFNSjU79AC/davK2HEpW1QzYowGlWF\nx+wiGARlhqsEfyVHzmFlHbS5D5Te2iW4slrpKwUuE0ZlSHDEhPQLFwDfuMVFChmT\nNFRtYITlsVKdwflsXO2Pz2/TRUtfyZbZKhLwX1hjqNwDkBVO2kTuKdeXZhEl+Cfx\n4483HhT0NLtAj1BOZRZNvHm9czAJnmFdzgKRVgVkSL+yO067YrHNdPU96JzgjBXD\nSMY8t6GEbFyGiaBWf/1Uy0KcYdtT8gNMgs4hPPaE9LZThX2T7fF6vuDIPwE/981/\ntHOPp7/mYL/0Mik0aHXLc4nvzfl3hvgRKDaMaLHz8IBkmNNoCjgQxEBEEfrcicZE\nxA8lGs+nvRZ/dNAniyT3JRsxre2agCBdRkPhMzy/SDUjS5tDZlmc0JwYVXrcEZPV\njq8xDnvAOuX2XYW08ZUAAAADAQABAAACACWc8jipubDUMwNBqdGwdz4WgV1K+3tB\nYpT1HosPya92HzjmDj0iLBlBQl++Uar42P9Zaz+tusnMviRT74dSD2UkoazdvPY/\nh8IjuElHhPsN3ht9YF6nngSvUAGgjhlO66Abo/qA78G7a6PMVjukyY4QrenAYawD\nsGRypjqsgv4GdCLnlN+qexoTaXlmNYhQYSsaNa/u2DzNpnpivnYDvjsazdOP/ES3\nYs5YCnrfaf3H8Z+7vUQWRWHS51kzwBJzhG+whzwn12dJOmfRgsv8xZz/OJNZTT8z\nb1CHWD6lCr1PHFX5laooQWHBzAtYagdPoKPeWWCIgCa9yH9lTInvRpk6Z2xZ2QFx\nC5bwz2JDUIDFbW36PIDI9VvIRoMMaUxod/EAMEA3fkrVjCUw/cAEjYHk/bCAfS6d\nyp352CW80Aco5LEDxxfJMWSPOEdEqoMgNqeCm3x8lzSyW6mzhK2WHji9XBq8xxrk\n5f9EMrHUYQ3iyrln1VLaHD5hpLAQwcTu1y+hloRjAK1CKQh1fH1+I97EN4HfAlHR\nuCWWdV6q5vzwnlVLgtk0Hq3eXBNFwdg7tJlIvcSqd3ZTQfJA3cJbedpIDiJH15cs\nUoH2sM6I6c4W3XiH/v8P676U2cLEdIgQQB3AfqdJdbpA/e4VhOfAqk/7VZDp3njn\nTf8q/eqm+n6RAAABAQDIofYrPgvFwOQ2NGhUNTCPdhzEO48wu1ANkFw+ZLfM2li0\n46/59wagmoDy0a03I14jrItpRVMxBFmTba2N/XA5C9pBgvM7mfokF83iDaNmc6E2\ntqqa0qP2E/vYiCIDW5QcV4WcNuPOhRFUxeks1+nzrPWSzkGKK/EMEt9o52zrqbIj\nWRlXxdDC/fbAOfgep7EO++h0ABgdpwLVanDxGbc06JSeMJ2TbZVmpR8jOBpKrqj3\n7hjJfYnFEbU1JWrO2IqxcVQHzgA9IuIR8ClTxGmgJa2ndFBqR8oEhsoedYeWeTbp\nW267PpSrwuiQgunFNAClHZDYTMTOuCsIdxYnaLkfAAABAQDfVjDwfdwef59ACTKV\nT8o0gpIqF3zB8jJOgxrn4wNI61LnSgJTVupVMa1wyTmH5p1wv4ethk6GJMpyzKlP\nAeYUcWhcfJhnG+I8l9JRH+Oq1mW6Okas5n3Zhy9YciFqFgIB4BJiGI/q8f8P96MK\nj7NogsFxwDs/3SiHXE4HwYmm65h1v7cimgun0jWfT9/DjfFy/tg63hnWWywzfFFh\nkhHl9S8zEj3hpl9uQVy+2XQPl8QqklpejdZbpINxCHND3vNg6sqaxDoVkNDs+pOA\nJ8aI9biaOYcMwP1fXGCJE68VjLn6GW16zfxnqvp5OIBICb+y1msJT5ErJ2U7BDH6\nkC2NAAABAQDeExFElMJMhgBwb0vDTiM86nF7KcpWnx9Fy4uAt5xZbNFKXJHlxbXk\njMGDC5nVUlbAgCn/+l5ICFR5M5zUGne5rqhO3iIitjAavJPDWsZ9+GYeoQd5JQRc\npgC8urGkxrgpVsBEfsiIxTot/HwwDQiaZtBFUkh7JiKb6wVfaWopW66rWkCrDa1Q\ne7nYg5HCpIk7567Zl2QzxJ9N/FZRHNfsQPyLGEJmOl0MHyLnSyzwkiLKmR/b4CHW\nw3v6FCZM6ZKdeoWxd1JZBAitu90+aDt3Yq/tarxK/3eyKG5piokY1ouu5JGynzWZ\nDLnEh9ySOG1Zov5bPKtDj6PmiltUy74pAAAAAAEC\n-----END OPENSSH PRIVATE KEY-----\n",
            "private_key_pem": "-----BEGIN RSA PRIVATE KEY-----\nMIIJKgIBAAKCAgEAwb1g5rzqiGSZGqmyGfshKMTD2LEnfaNiGmlwr+Xb1CyZqKS6\nLS2gmS7DFgPzrBGVoNHJJ3cmxbZWrfDtUtEVe4I5g4ET+BUgW1XfKeqoW5BvvCTl\n0GpUNZY944A7HEytS9lACRzeJBlrWyJbH8zrLsENqQatqnS5ywtZ9D6bhSzCwEiW\n4wD4nfRNE65pOCTPRLVMoX7umVWMAep33yCrj/N2tPAH+1M86Jts5ixsOxJeLSg6\n/TQ7RrLAc8tFNSjU79AC/davK2HEpW1QzYowGlWFx+wiGARlhqsEfyVHzmFlHbS5\nD5Te2iW4slrpKwUuE0ZlSHDEhPQLFwDfuMVFChmTNFRtYITlsVKdwflsXO2Pz2/T\nRUtfyZbZKhLwX1hjqNwDkBVO2kTuKdeXZhEl+Cfx4483HhT0NLtAj1BOZRZNvHm9\nczAJnmFdzgKRVgVkSL+yO067YrHNdPU96JzgjBXDSMY8t6GEbFyGiaBWf/1Uy0Kc\nYdtT8gNMgs4hPPaE9LZThX2T7fF6vuDIPwE/981/tHOPp7/mYL/0Mik0aHXLc4nv\nzfl3hvgRKDaMaLHz8IBkmNNoCjgQxEBEEfrcicZExA8lGs+nvRZ/dNAniyT3JRsx\nre2agCBdRkPhMzy/SDUjS5tDZlmc0JwYVXrcEZPVjq8xDnvAOuX2XYW08ZUCAwEA\nAQKCAgAlnPI4qbmw1DMDQanRsHc+FoFdSvt7QWKU9R6LD8mvdh845g49IiwZQUJf\nvlGq+Nj/WWs/rbrJzL4kU++HUg9lJKGs3bz2P4fCI7hJR4T7Dd4bfWBep54Er1AB\noI4ZTuugG6P6gO/Bu2ujzFY7pMmOEK3pwGGsA7BkcqY6rIL+BnQi55TfqnsaE2l5\nZjWIUGErGjWv7tg8zaZ6Yr52A747Gs3Tj/xEt2LOWAp632n9x/Gfu71EFkVh0udZ\nM8ASc4RvsIc8J9dnSTpn0YLL/MWc/ziTWU0/M29Qh1g+pQq9TxxV+ZWqKEFhwcwL\nWGoHT6Cj3llgiIAmvch/ZUyJ70aZOmdsWdkBcQuW8M9iQ1CAxW1t+jyAyPVbyEaD\nDGlMaHfxADBAN35K1YwlMP3ABI2B5P2wgH0uncqd+dglvNAHKOSxA8cXyTFkjzhH\nRKqDIDangpt8fJc0slups4Stlh44vVwavMca5OX/RDKx1GEN4sq5Z9VS2hw+YaSw\nEMHE7tcvoZaEYwCtQikIdXx9fiPexDeB3wJR0bgllnVequb88J5VS4LZNB6t3lwT\nRcHYO7SZSL3Eqnd2U0HyQN3CW3naSA4iR9eXLFKB9rDOiOnOFt14h/7/D+u+lNnC\nxHSIEEAdwH6nSXW6QP3uFYTnwKpP+1WQ6d54503/Kv3qpvp+kQKCAQEA31Yw8H3c\nHn+fQAkylU/KNIKSKhd8wfIyToMa5+MDSOtS50oCU1bqVTGtcMk5h+adcL+HrYZO\nhiTKcsypTwHmFHFoXHyYZxviPJfSUR/jqtZlujpGrOZ92YcvWHIhahYCAeASYhiP\n6vH/D/ejCo+zaILBccA7P90oh1xOB8GJpuuYdb+3IpoLp9I1n0/fw43xcv7YOt4Z\n1lssM3xRYZIR5fUvMxI94aZfbkFcvtl0D5fEKpJaXo3WW6SDcQhzQ97zYOrKmsQ6\nFZDQ7PqTgCfGiPW4mjmHDMD9X1xgiROvFYy5+hltes38Z6r6eTiASAm/stZrCU+R\nKydlOwQx+pAtjQKCAQEA3hMRRJTCTIYAcG9Lw04jPOpxeynKVp8fRcuLgLecWWzR\nSlyR5cW15IzBgwuZ1VJWwIAp//peSAhUeTOc1Bp3ua6oTt4iIrYwGryTw1rGffhm\nHqEHeSUEXKYAvLqxpMa4KVbARH7IiMU6Lfx8MA0ImmbQRVJIeyYim+sFX2lqKVuu\nq1pAqw2tUHu52IORwqSJO+eu2ZdkM8SfTfxWURzX7ED8ixhCZjpdDB8i50ss8JIi\nypkf2+Ah1sN7+hQmTOmSnXqFsXdSWQQIrbvdPmg7d2Kv7Wq8Sv93sihuaYqJGNaL\nruSRsp81mQy5xIfckjhtWaL+WzyrQ4+j5opbVMu+KQKCAQEAvrGDe/SbPFdQDIdN\n73t/dbJ/Rv1jAt7f4XXERXbqWRrFYMMqlSpDT5bpNsI6IzXf/GMtYBareZJ0Ye0q\nK1G9uHrU1xNztaZzV7VyWN5XsIj7tzUHH552moP5AxYAPeqosB041RWP3NXgKSwS\nxHPKhlQPBCdU78TQVDOWVL0F4caMGQ4nOp45kYPFUVAMCZdrL/s1eZ4mhYa3iQZ/\nHkZwjd75/Ct5NvCtzyB0JmjZ1m6JiqgIDXAiNYGU0bCbaro1KO2RLPCbf8p0+cNC\nqkxMEqlshBLWoyctsHzZ2HE8L7RHH6sSdabn+0RcNaDut5PLYNH/9qU/mI88ulVs\nrzroCQKCAQEAnJL3BtKXl5qXLq7ZzQ8He0iU0FCrr50rUGttpUhPvSEjAvn3h/h5\nAXZYbcu9H5GZRspWUnu1A7aT0IyaU1WB+nHxiwHFMZIgook46XDUKDb90TSZ70kx\nJR2JwYcj/th5OfRHRUPaocvk9E1jRgG6ghphV67nGaTOm/39YMMTLavNoFTW6YOQ\nIgHKC6TgHUsi0xDLz/CUnodQBo0WUsQyXQmIxY1KK4eU2RoO4uK3AbsXOp7xvnXt\nhd14SN7yDiJU1CFxp6lIbyiP8eZV3E1jOA5lmdA6h+pM+1jUWCdr+A40mA/hxf3I\nrWsygyWDV7jfKGbqTWueGNlqpv3/3O512QKCAQEAyKH2Kz4LxcDkNjRoVDUwj3Yc\nxDuPMLtQDZBcPmS3zNpYtOOv+fcGoJqA8tGtNyNeI6yLaUVTMQRZk22tjf1wOQva\nQYLzO5n6JBfN4g2jZnOhNraqmtKj9hP72IgiA1uUHFeFnDbjzoURVMXpLNfp86z1\nks5BiivxDBLfaOds66myI1kZV8XQwv32wDn4HqexDvvodAAYHacC1Wpw8Rm3NOiU\nnjCdk22VZqUfIzgaSq6o9+4YyX2JxRG1NSVqztiKsXFUB84APSLiEfApU8RpoCWt\np3RQakfKBIbKHnWHlnk26Vtuuz6Uq8LokILpxTQApR2Q2EzEzrgrCHcWJ2i5Hw==\n-----END RSA PRIVATE KEY-----\n",
            "private_key_pem_pkcs8": "-----BEGIN PRIVATE KEY-----\nMIIJRAIBADANBgkqhkiG9w0BAQEFAASCCS4wggkqAgEAAoICAQDBvWDmvOqIZJka\nqbIZ+yEoxMPYsSd9o2IaaXCv5dvULJmopLotLaCZLsMWA/OsEZWg0ckndybFtlat\n8O1S0RV7gjmDgRP4FSBbVd8p6qhbkG+8JOXQalQ1lj3jgDscTK1L2UAJHN4kGWtb\nIlsfzOsuwQ2pBq2qdLnLC1n0PpuFLMLASJbjAPid9E0Trmk4JM9EtUyhfu6ZVYwB\n6nffIKuP83a08Af7Uzzom2zmLGw7El4tKDr9NDtGssBzy0U1KNTv0AL91q8rYcSl\nbVDNijAaVYXH7CIYBGWGqwR/JUfOYWUdtLkPlN7aJbiyWukrBS4TRmVIcMSE9AsX\nAN+4xUUKGZM0VG1ghOWxUp3B+Wxc7Y/Pb9NFS1/JltkqEvBfWGOo3AOQFU7aRO4p\n15dmESX4J/HjjzceFPQ0u0CPUE5lFk28eb1zMAmeYV3OApFWBWRIv7I7Trtisc10\n9T3onOCMFcNIxjy3oYRsXIaJoFZ//VTLQpxh21PyA0yCziE89oT0tlOFfZPt8Xq+\n4Mg/AT/3zX+0c4+nv+Zgv/QyKTRodctzie/N+XeG+BEoNoxosfPwgGSY02gKOBDE\nQEQR+tyJxkTEDyUaz6e9Fn900CeLJPclGzGt7ZqAIF1GQ+EzPL9INSNLm0NmWZzQ\nnBhVetwRk9WOrzEOe8A65fZdhbTxlQIDAQABAoICACWc8jipubDUMwNBqdGwdz4W\ngV1K+3tBYpT1HosPya92HzjmDj0iLBlBQl++Uar42P9Zaz+tusnMviRT74dSD2Uk\noazdvPY/h8IjuElHhPsN3ht9YF6nngSvUAGgjhlO66Abo/qA78G7a6PMVjukyY4Q\nrenAYawDsGRypjqsgv4GdCLnlN+qexoTaXlmNYhQYSsaNa/u2DzNpnpivnYDvjsa\nzdOP/ES3Ys5YCnrfaf3H8Z+7vUQWRWHS51kzwBJzhG+whzwn12dJOmfRgsv8xZz/\nOJNZTT8zb1CHWD6lCr1PHFX5laooQWHBzAtYagdPoKPeWWCIgCa9yH9lTInvRpk6\nZ2xZ2QFxC5bwz2JDUIDFbW36PIDI9VvIRoMMaUxod/EAMEA3fkrVjCUw/cAEjYHk\n/bCAfS6dyp352CW80Aco5LEDxxfJMWSPOEdEqoMgNqeCm3x8lzSyW6mzhK2WHji9\nXBq8xxrk5f9EMrHUYQ3iyrln1VLaHD5hpLAQwcTu1y+hloRjAK1CKQh1fH1+I97E\nN4HfAlHRuCWWdV6q5vzwnlVLgtk0Hq3eXBNFwdg7tJlIvcSqd3ZTQfJA3cJbedpI\nDiJH15csUoH2sM6I6c4W3XiH/v8P676U2cLEdIgQQB3AfqdJdbpA/e4VhOfAqk/7\nVZDp3njnTf8q/eqm+n6RAoIBAQDfVjDwfdwef59ACTKVT8o0gpIqF3zB8jJOgxrn\n4wNI61LnSgJTVupVMa1wyTmH5p1wv4ethk6GJMpyzKlPAeYUcWhcfJhnG+I8l9JR\nH+Oq1mW6Okas5n3Zhy9YciFqFgIB4BJiGI/q8f8P96MKj7NogsFxwDs/3SiHXE4H\nwYmm65h1v7cimgun0jWfT9/DjfFy/tg63hnWWywzfFFhkhHl9S8zEj3hpl9uQVy+\n2XQPl8QqklpejdZbpINxCHND3vNg6sqaxDoVkNDs+pOAJ8aI9biaOYcMwP1fXGCJ\nE68VjLn6GW16zfxnqvp5OIBICb+y1msJT5ErJ2U7BDH6kC2NAoIBAQDeExFElMJM\nhgBwb0vDTiM86nF7KcpWnx9Fy4uAt5xZbNFKXJHlxbXkjMGDC5nVUlbAgCn/+l5I\nCFR5M5zUGne5rqhO3iIitjAavJPDWsZ9+GYeoQd5JQRcpgC8urGkxrgpVsBEfsiI\nxTot/HwwDQiaZtBFUkh7JiKb6wVfaWopW66rWkCrDa1Qe7nYg5HCpIk7567Zl2Qz\nxJ9N/FZRHNfsQPyLGEJmOl0MHyLnSyzwkiLKmR/b4CHWw3v6FCZM6ZKdeoWxd1JZ\nBAitu90+aDt3Yq/tarxK/3eyKG5piokY1ouu5JGynzWZDLnEh9ySOG1Zov5bPKtD\nj6PmiltUy74pAoIBAQC+sYN79Js8V1AMh03ve391sn9G/WMC3t/hdcRFdupZGsVg\nwyqVKkNPluk2wjojNd/8Yy1gFqt5knRh7SorUb24etTXE3O1pnNXtXJY3lewiPu3\nNQcfnnaag/kDFgA96qiwHTjVFY/c1eApLBLEc8qGVA8EJ1TvxNBUM5ZUvQXhxowZ\nDic6njmRg8VRUAwJl2sv+zV5niaFhreJBn8eRnCN3vn8K3k28K3PIHQmaNnWbomK\nqAgNcCI1gZTRsJtqujUo7ZEs8Jt/ynT5w0KqTEwSqWyEEtajJy2wfNnYcTwvtEcf\nqxJ1puf7RFw1oO63k8tg0f/2pT+Yjzy6VWyvOugJAoIBAQCckvcG0peXmpcurtnN\nDwd7SJTQUKuvnStQa22lSE+9ISMC+feH+HkBdlhty70fkZlGylZSe7UDtpPQjJpT\nVYH6cfGLAcUxkiCiiTjpcNQoNv3RNJnvSTElHYnBhyP+2Hk59EdFQ9qhy+T0TWNG\nAbqCGmFXrucZpM6b/f1gwxMtq82gVNbpg5AiAcoLpOAdSyLTEMvP8JSeh1AGjRZS\nxDJdCYjFjUorh5TZGg7i4rcBuxc6nvG+de2F3XhI3vIOIlTUIXGnqUhvKI/x5lXc\nTWM4DmWZ0DqH6kz7WNRYJ2v4DjSYD+HF/citazKDJYNXuN8oZupNa54Y2Wqm/f/c\n7nXZAoIBAQDIofYrPgvFwOQ2NGhUNTCPdhzEO48wu1ANkFw+ZLfM2li046/59wag\nmoDy0a03I14jrItpRVMxBFmTba2N/XA5C9pBgvM7mfokF83iDaNmc6E2tqqa0qP2\nE/vYiCIDW5QcV4WcNuPOhRFUxeks1+nzrPWSzkGKK/EMEt9o52zrqbIjWRlXxdDC\n/fbAOfgep7EO++h0ABgdpwLVanDxGbc06JSeMJ2TbZVmpR8jOBpKrqj37hjJfYnF\nEbU1JWrO2IqxcVQHzgA9IuIR8ClTxGmgJa2ndFBqR8oEhsoedYeWeTbpW267PpSr\nwuiQgunFNAClHZDYTMTOuCsIdxYnaLkf\n-----END PRIVATE KEY-----\n",
            "public_key_fingerprint_md5": "64:95:ec:23:7b:dd:03:46:bf:29:2a:a0:71:76:5c:88",
            "public_key_fingerprint_sha256": "SHA256:TGpk6LX3189nUsDNC3ZOHMEcY/kHc1wQhKbBMf7Uk24",
            "public_key_openssh": "ssh-rsa AAAAB3NzaC1yc2EAAAADAQABAAACAQDBvWDmvOqIZJkaqbIZ+yEoxMPYsSd9o2IaaXCv5dvULJmopLotLaCZLsMWA/OsEZWg0ckndybFtlat8O1S0RV7gjmDgRP4FSBbVd8p6qhbkG+8JOXQalQ1lj3jgDscTK1L2UAJHN4kGWtbIlsfzOsuwQ2pBq2qdLnLC1n0PpuFLMLASJbjAPid9E0Trmk4JM9EtUyhfu6ZVYwB6nffIKuP83a08Af7Uzzom2zmLGw7El4tKDr9NDtGssBzy0U1KNTv0AL91q8rYcSlbVDNijAaVYXH7CIYBGWGqwR/JUfOYWUdtLkPlN7aJbiyWukrBS4TRmVIcMSE9AsXAN+4xUUKGZM0VG1ghOWxUp3B+Wxc7Y/Pb9NFS1/JltkqEvBfWGOo3AOQFU7aRO4p15dmESX4J/HjjzceFPQ0u0CPUE5lFk28eb1zMAmeYV3OApFWBWRIv7I7Trtisc109T3onOCMFcNIxjy3oYRsXIaJoFZ//VTLQpxh21PyA0yCziE89oT0tlOFfZPt8Xq+4Mg/AT/3zX+0c4+nv+Zgv/QyKTRodctzie/N+XeG+BEoNoxosfPwgGSY02gKOBDEQEQR+tyJxkTEDyUaz6e9Fn900CeLJPclGzGt7ZqAIF1GQ+EzPL9INSNLm0NmWZzQnBhVetwRk9WOrzEOe8A65fZdhbTxlQ==\n",
            "public_key_pem": "-----BEGIN PUBLIC KEY-----\nMIICIjANBgkqhkiG9w0BAQEFAAOCAg8AMIICCgKCAgEAwb1g5rzqiGSZGqmyGfsh\nKMTD2LEnfaNiGmlwr+Xb1CyZqKS6LS2gmS7DFgPzrBGVoNHJJ3cmxbZWrfDtUtEV\ne4I5g4ET+BUgW1XfKeqoW5BvvCTl0GpUNZY944A7HEytS9lACRzeJBlrWyJbH8zr\nLsENqQatqnS5ywtZ9D6bhSzCwEiW4wD4nfRNE65pOCTPRLVMoX7umVWMAep33yCr\nj/N2tPAH+1M86Jts5ixsOxJeLSg6/TQ7RrLAc8tFNSjU79AC/davK2HEpW1QzYow\nGlWFx+wiGARlhqsEfyVHzmFlHbS5D5Te2iW4slrpKwUuE0ZlSHDEhPQLFwDfuMVF\nChmTNFRtYITlsVKdwflsXO2Pz2/TRUtfyZbZKhLwX1hjqNwDkBVO2kTuKdeXZhEl\n+Cfx4483HhT0NLtAj1BOZRZNvHm9czAJnmFdzgKRVgVkSL+yO067YrHNdPU96Jzg\njBXDSMY8t6GEbFyGiaBWf/1Uy0KcYdtT8gNMgs4hPPaE9LZThX2T7fF6vuDIPwE/\n981/tHOPp7/mYL/0Mik0aHXLc4nvzfl3hvgRKDaMaLHz8IBkmNNoCjgQxEBEEfrc\nicZExA8lGs+nvRZ/dNAniyT3JRsxre2agCBdRkPhMzy/SDUjS5tDZlmc0JwYVXrc\nEZPVjq8xDnvAOuX2XYW08ZUCAwEAAQ==\n-----END PUBLIC KEY-----\n",
            "rsa_bits": 4096
          },
          "sensitive_attributes": [
            [
              {
                "type": "get_attr",
                "value": "private_key_openssh"
              }
            ],
            [
              {
                "type": "get_attr",
                "value": "private_key_pem"
              }
            ],
            [
              {
                "type": "get_attr",
                "value": "private_key_pem_pkcs8"
              }
            ]
          ],
          "identity_schema_version": 0
        }
      ]
    }
  ],
  "check_results": null
}
